{
  "version": 4,
  "terraform_version": "1.12.0",
  "serial": 322,
  "lineage": "ceb0b9d8-f1c5-cc9e-0abc-81a81557002b",
  "outputs": {},
  "resources": [
    {
      "module": "module.eks.module.eks",
      "mode": "data",
      "type": "aws_caller_identity",
      "name": "current",
      "provider": "provider[\"registry.terraform.io/hashicorp/aws\"]",
      "instances": [
        {
          "index_key": 0,
          "schema_version": 0,
          "attributes": {
            "account_id": "302263058495",
            "arn": "arn:aws:iam::302263058495:user/MN",
            "id": "302263058495",
            "user_id": "AIDAUMYCIIA77D5EMC4TU"
          },
          "sensitive_attributes": []
        }
      ]
    },
    {
      "module": "module.eks.module.eks",
      "mode": "data",
      "type": "aws_iam_policy_document",
      "name": "assume_role_policy",
      "provider": "provider[\"registry.terraform.io/hashicorp/aws\"]",
      "instances": [
        {
          "index_key": 0,
          "schema_version": 0,
          "attributes": {
            "id": "2830595799",
            "json": "{\n  \"Version\": \"2012-10-17\",\n  \"Statement\": [\n    {\n      \"Sid\": \"EKSClusterAssumeRole\",\n      \"Effect\": \"Allow\",\n      \"Action\": [\n        \"sts:TagSession\",\n        \"sts:AssumeRole\"\n      ],\n      \"Principal\": {\n        \"Service\": \"eks.amazonaws.com\"\n      }\n    }\n  ]\n}",
            "minified_json": "{\"Version\":\"2012-10-17\",\"Statement\":[{\"Sid\":\"EKSClusterAssumeRole\",\"Effect\":\"Allow\",\"Action\":[\"sts:TagSession\",\"sts:AssumeRole\"],\"Principal\":{\"Service\":\"eks.amazonaws.com\"}}]}",
            "override_json": null,
            "override_policy_documents": null,
            "policy_id": null,
            "source_json": null,
            "source_policy_documents": null,
            "statement": [
              {
                "actions": [
                  "sts:AssumeRole",
                  "sts:TagSession"
                ],
                "condition": [],
                "effect": "Allow",
                "not_actions": [],
                "not_principals": [],
                "not_resources": [],
                "principals": [
                  {
                    "identifiers": [
                      "eks.amazonaws.com"
                    ],
                    "type": "Service"
                  }
                ],
                "resources": [],
                "sid": "EKSClusterAssumeRole"
              }
            ],
            "version": "2012-10-17"
          },
          "sensitive_attributes": []
        }
      ]
    },
    {
      "module": "module.eks.module.eks",
      "mode": "data",
      "type": "aws_iam_policy_document",
      "name": "custom",
      "provider": "provider[\"registry.terraform.io/hashicorp/aws\"]",
      "instances": [
        {
          "index_key": 0,
          "schema_version": 0,
          "attributes": {
            "id": "513122117",
            "json": "{\n  \"Version\": \"2012-10-17\",\n  \"Statement\": [\n    {\n      \"Sid\": \"Compute\",\n      \"Effect\": \"Allow\",\n      \"Action\": [\n        \"ec2:RunInstances\",\n        \"ec2:CreateLaunchTemplate\",\n        \"ec2:CreateFleet\"\n      ],\n      \"Resource\": \"*\",\n      \"Condition\": {\n        \"StringEquals\": {\n          \"aws:RequestTag/eks:eks-cluster-name\": \"${aws:PrincipalTag/eks:eks-cluster-name}\"\n        },\n        \"StringLike\": {\n          \"aws:RequestTag/eks:kubernetes-node-class-name\": \"*\",\n          \"aws:RequestTag/eks:kubernetes-node-pool-name\": \"*\"\n        }\n      }\n    },\n    {\n      \"Sid\": \"Storage\",\n      \"Effect\": \"Allow\",\n      \"Action\": [\n        \"ec2:CreateVolume\",\n        \"ec2:CreateSnapshot\"\n      ],\n      \"Resource\": [\n        \"arn:aws:ec2:*:*:volume/*\",\n        \"arn:aws:ec2:*:*:snapshot/*\"\n      ],\n      \"Condition\": {\n        \"StringEquals\": {\n          \"aws:RequestTag/eks:eks-cluster-name\": \"${aws:PrincipalTag/eks:eks-cluster-name}\"\n        }\n      }\n    },\n    {\n      \"Sid\": \"Networking\",\n      \"Effect\": \"Allow\",\n      \"Action\": \"ec2:CreateNetworkInterface\",\n      \"Resource\": \"*\",\n      \"Condition\": {\n        \"StringEquals\": {\n          \"aws:RequestTag/eks:eks-cluster-name\": \"${aws:PrincipalTag/eks:eks-cluster-name}\",\n          \"aws:RequestTag/eks:kubernetes-cni-node-name\": \"*\"\n        }\n      }\n    },\n    {\n      \"Sid\": \"LoadBalancer\",\n      \"Effect\": \"Allow\",\n      \"Action\": [\n        \"elasticloadbalancing:CreateTargetGroup\",\n        \"elasticloadbalancing:CreateRule\",\n        \"elasticloadbalancing:CreateLoadBalancer\",\n        \"elasticloadbalancing:CreateListener\",\n        \"ec2:CreateSecurityGroup\"\n      ],\n      \"Resource\": \"*\",\n      \"Condition\": {\n        \"StringEquals\": {\n          \"aws:RequestTag/eks:eks-cluster-name\": \"${aws:PrincipalTag/eks:eks-cluster-name}\"\n        }\n      }\n    },\n    {\n      \"Sid\": \"ShieldProtection\",\n      \"Effect\": \"Allow\",\n      \"Action\": \"shield:CreateProtection\",\n      \"Resource\": \"*\",\n      \"Condition\": {\n        \"StringEquals\": {\n          \"aws:RequestTag/eks:eks-cluster-name\": \"${aws:PrincipalTag/eks:eks-cluster-name}\"\n        }\n      }\n    },\n    {\n      \"Sid\": \"ShieldTagResource\",\n      \"Effect\": \"Allow\",\n      \"Action\": \"shield:TagResource\",\n      \"Resource\": \"arn:aws:shield::*:protection/*\",\n      \"Condition\": {\n        \"StringEquals\": {\n          \"aws:RequestTag/eks:eks-cluster-name\": \"${aws:PrincipalTag/eks:eks-cluster-name}\"\n        }\n      }\n    }\n  ]\n}",
            "minified_json": "{\"Version\":\"2012-10-17\",\"Statement\":[{\"Sid\":\"Compute\",\"Effect\":\"Allow\",\"Action\":[\"ec2:RunInstances\",\"ec2:CreateLaunchTemplate\",\"ec2:CreateFleet\"],\"Resource\":\"*\",\"Condition\":{\"StringEquals\":{\"aws:RequestTag/eks:eks-cluster-name\":\"${aws:PrincipalTag/eks:eks-cluster-name}\"},\"StringLike\":{\"aws:RequestTag/eks:kubernetes-node-class-name\":\"*\",\"aws:RequestTag/eks:kubernetes-node-pool-name\":\"*\"}}},{\"Sid\":\"Storage\",\"Effect\":\"Allow\",\"Action\":[\"ec2:CreateVolume\",\"ec2:CreateSnapshot\"],\"Resource\":[\"arn:aws:ec2:*:*:volume/*\",\"arn:aws:ec2:*:*:snapshot/*\"],\"Condition\":{\"StringEquals\":{\"aws:RequestTag/eks:eks-cluster-name\":\"${aws:PrincipalTag/eks:eks-cluster-name}\"}}},{\"Sid\":\"Networking\",\"Effect\":\"Allow\",\"Action\":\"ec2:CreateNetworkInterface\",\"Resource\":\"*\",\"Condition\":{\"StringEquals\":{\"aws:RequestTag/eks:eks-cluster-name\":\"${aws:PrincipalTag/eks:eks-cluster-name}\",\"aws:RequestTag/eks:kubernetes-cni-node-name\":\"*\"}}},{\"Sid\":\"LoadBalancer\",\"Effect\":\"Allow\",\"Action\":[\"elasticloadbalancing:CreateTargetGroup\",\"elasticloadbalancing:CreateRule\",\"elasticloadbalancing:CreateLoadBalancer\",\"elasticloadbalancing:CreateListener\",\"ec2:CreateSecurityGroup\"],\"Resource\":\"*\",\"Condition\":{\"StringEquals\":{\"aws:RequestTag/eks:eks-cluster-name\":\"${aws:PrincipalTag/eks:eks-cluster-name}\"}}},{\"Sid\":\"ShieldProtection\",\"Effect\":\"Allow\",\"Action\":\"shield:CreateProtection\",\"Resource\":\"*\",\"Condition\":{\"StringEquals\":{\"aws:RequestTag/eks:eks-cluster-name\":\"${aws:PrincipalTag/eks:eks-cluster-name}\"}}},{\"Sid\":\"ShieldTagResource\",\"Effect\":\"Allow\",\"Action\":\"shield:TagResource\",\"Resource\":\"arn:aws:shield::*:protection/*\",\"Condition\":{\"StringEquals\":{\"aws:RequestTag/eks:eks-cluster-name\":\"${aws:PrincipalTag/eks:eks-cluster-name}\"}}}]}",
            "override_json": null,
            "override_policy_documents": null,
            "policy_id": null,
            "source_json": null,
            "source_policy_documents": null,
            "statement": [
              {
                "actions": [
                  "ec2:CreateFleet",
                  "ec2:CreateLaunchTemplate",
                  "ec2:RunInstances"
                ],
                "condition": [
                  {
                    "test": "StringEquals",
                    "values": [
                      "${aws:PrincipalTag/eks:eks-cluster-name}"
                    ],
                    "variable": "aws:RequestTag/eks:eks-cluster-name"
                  },
                  {
                    "test": "StringLike",
                    "values": [
                      "*"
                    ],
                    "variable": "aws:RequestTag/eks:kubernetes-node-class-name"
                  },
                  {
                    "test": "StringLike",
                    "values": [
                      "*"
                    ],
                    "variable": "aws:RequestTag/eks:kubernetes-node-pool-name"
                  }
                ],
                "effect": "Allow",
                "not_actions": [],
                "not_principals": [],
                "not_resources": [],
                "principals": [],
                "resources": [
                  "*"
                ],
                "sid": "Compute"
              },
              {
                "actions": [
                  "ec2:CreateSnapshot",
                  "ec2:CreateVolume"
                ],
                "condition": [
                  {
                    "test": "StringEquals",
                    "values": [
                      "${aws:PrincipalTag/eks:eks-cluster-name}"
                    ],
                    "variable": "aws:RequestTag/eks:eks-cluster-name"
                  }
                ],
                "effect": "Allow",
                "not_actions": [],
                "not_principals": [],
                "not_resources": [],
                "principals": [],
                "resources": [
                  "arn:aws:ec2:*:*:snapshot/*",
                  "arn:aws:ec2:*:*:volume/*"
                ],
                "sid": "Storage"
              },
              {
                "actions": [
                  "ec2:CreateNetworkInterface"
                ],
                "condition": [
                  {
                    "test": "StringEquals",
                    "values": [
                      "${aws:PrincipalTag/eks:eks-cluster-name}"
                    ],
                    "variable": "aws:RequestTag/eks:eks-cluster-name"
                  },
                  {
                    "test": "StringEquals",
                    "values": [
                      "*"
                    ],
                    "variable": "aws:RequestTag/eks:kubernetes-cni-node-name"
                  }
                ],
                "effect": "Allow",
                "not_actions": [],
                "not_principals": [],
                "not_resources": [],
                "principals": [],
                "resources": [
                  "*"
                ],
                "sid": "Networking"
              },
              {
                "actions": [
                  "ec2:CreateSecurityGroup",
                  "elasticloadbalancing:CreateListener",
                  "elasticloadbalancing:CreateLoadBalancer",
                  "elasticloadbalancing:CreateRule",
                  "elasticloadbalancing:CreateTargetGroup"
                ],
                "condition": [
                  {
                    "test": "StringEquals",
                    "values": [
                      "${aws:PrincipalTag/eks:eks-cluster-name}"
                    ],
                    "variable": "aws:RequestTag/eks:eks-cluster-name"
                  }
                ],
                "effect": "Allow",
                "not_actions": [],
                "not_principals": [],
                "not_resources": [],
                "principals": [],
                "resources": [
                  "*"
                ],
                "sid": "LoadBalancer"
              },
              {
                "actions": [
                  "shield:CreateProtection"
                ],
                "condition": [
                  {
                    "test": "StringEquals",
                    "values": [
                      "${aws:PrincipalTag/eks:eks-cluster-name}"
                    ],
                    "variable": "aws:RequestTag/eks:eks-cluster-name"
                  }
                ],
                "effect": "Allow",
                "not_actions": [],
                "not_principals": [],
                "not_resources": [],
                "principals": [],
                "resources": [
                  "*"
                ],
                "sid": "ShieldProtection"
              },
              {
                "actions": [
                  "shield:TagResource"
                ],
                "condition": [
                  {
                    "test": "StringEquals",
                    "values": [
                      "${aws:PrincipalTag/eks:eks-cluster-name}"
                    ],
                    "variable": "aws:RequestTag/eks:eks-cluster-name"
                  }
                ],
                "effect": "Allow",
                "not_actions": [],
                "not_principals": [],
                "not_resources": [],
                "principals": [],
                "resources": [
                  "arn:aws:shield::*:protection/*"
                ],
                "sid": "ShieldTagResource"
              }
            ],
            "version": "2012-10-17"
          },
          "sensitive_attributes": []
        }
      ]
    },
    {
      "module": "module.eks.module.eks",
      "mode": "data",
      "type": "aws_iam_session_context",
      "name": "current",
      "provider": "provider[\"registry.terraform.io/hashicorp/aws\"]",
      "instances": [
        {
          "index_key": 0,
          "schema_version": 0,
          "attributes": {
            "arn": "arn:aws:iam::302263058495:user/MN",
            "id": "arn:aws:iam::302263058495:user/MN",
            "issuer_arn": "arn:aws:iam::302263058495:user/MN",
            "issuer_id": "",
            "issuer_name": "",
            "session_name": ""
          },
          "sensitive_attributes": []
        }
      ]
    },
    {
      "module": "module.eks.module.eks",
      "mode": "data",
      "type": "aws_partition",
      "name": "current",
      "provider": "provider[\"registry.terraform.io/hashicorp/aws\"]",
      "instances": [
        {
          "index_key": 0,
          "schema_version": 0,
          "attributes": {
            "dns_suffix": "amazonaws.com",
            "id": "aws",
            "partition": "aws",
            "reverse_dns_prefix": "com.amazonaws"
          },
          "sensitive_attributes": []
        }
      ]
    },
    {
      "module": "module.eks.module.eks",
      "mode": "data",
      "type": "tls_certificate",
      "name": "this",
      "provider": "provider[\"registry.terraform.io/hashicorp/tls\"]",
      "instances": [
        {
          "index_key": 0,
          "schema_version": 0,
          "attributes": {
            "certificates": [
              {
                "cert_pem": "-----BEGIN CERTIFICATE-----\nMIIEkjCCA3qgAwIBAgITBn+USionzfP6wq4rAfkI7rnExjANBgkqhkiG9w0BAQsF\nADCBmDELMAkGA1UEBhMCVVMxEDAOBgNVBAgTB0FyaXpvbmExEzARBgNVBAcTClNj\nb3R0c2RhbGUxJTAjBgNVBAoTHFN0YXJmaWVsZCBUZWNobm9sb2dpZXMsIEluYy4x\nOzA5BgNVBAMTMlN0YXJmaWVsZCBTZXJ2aWNlcyBSb290IENlcnRpZmljYXRlIEF1\ndGhvcml0eSAtIEcyMB4XDTE1MDUyNTEyMDAwMFoXDTM3MTIzMTAxMDAwMFowOTEL\nMAkGA1UEBhMCVVMxDzANBgNVBAoTBkFtYXpvbjEZMBcGA1UEAxMQQW1hem9uIFJv\nb3QgQ0EgMTCCASIwDQYJKoZIhvcNAQEBBQADggEPADCCAQoCggEBALJ4gHHKeNXj\nca9HgFB0fW7Y14h29Jlo91ghYPl0hAEvrAIthtOgQ3pOsqTQNroBvo3bSMgHFzZM\n9O6II8c+6zf1tRn4SWiw3te5djgdYZ6k/oI2peVKVuRF4fn9tBb6dNqcmzU5L/qw\nIFAGbHrQgLKm+a/sRxmPUDgH3KKHOVj4utWp+UhnMJbulHheb4mjUcAwhmahRWa6\nVOujw5H5SNz/0egwLX0tdHA114gk957EWW67c4cX8jJGKLhD+rcdqsq08p8kDi1L\n93FcXmn/6pUCyziKrlA4b9v7LWIbxcceVOF34GfID5yHI9Y/QCB/IIDEgEw+OyQm\njgSubJrIqg0CAwEAAaOCATEwggEtMA8GA1UdEwEB/wQFMAMBAf8wDgYDVR0PAQH/\nBAQDAgGGMB0GA1UdDgQWBBSEGMyFNOy8DJSULghZnMeyEE4KCDAfBgNVHSMEGDAW\ngBScXwDfqgHXMCs4iKK4bUqc8hGRgzB4BggrBgEFBQcBAQRsMGowLgYIKwYBBQUH\nMAGGImh0dHA6Ly9vY3NwLnJvb3RnMi5hbWF6b250cnVzdC5jb20wOAYIKwYBBQUH\nMAKGLGh0dHA6Ly9jcnQucm9vdGcyLmFtYXpvbnRydXN0LmNvbS9yb290ZzIuY2Vy\nMD0GA1UdHwQ2MDQwMqAwoC6GLGh0dHA6Ly9jcmwucm9vdGcyLmFtYXpvbnRydXN0\nLmNvbS9yb290ZzIuY3JsMBEGA1UdIAQKMAgwBgYEVR0gADANBgkqhkiG9w0BAQsF\nAAOCAQEAYjdCXLwQtT6LLOkMm2xF4gcAevnFWAu5CIw+7bMlPLVvUOTNNWqnkzSW\nMiGpSESrnO09tKpzbeR/FoCJbM8oAxiDR3mjEH4wW6w7sGDgd9QIpuEdfF7Au/ma\neyKdpwAJfqxGF4PcnCZXmTA5YpaP7dreqsXMGz7KQ2hsVxa81Q4gLv7/wmpdLqBK\nbRRYh5TmOTFffHPLkIhqhBGWJ6bt2YFGpn6jcgAKUj6DiAdjd4lpFw85hdKrCEVN\n0FE6/V1dN2RMfjCyVSRCnTawXZwXgWHxyvkQAiSr6w10kY17RSlQOYiypok1JR4U\nakcjMS9cmvqtmg5iUaQqqcT5NJ0hGA==\n-----END CERTIFICATE-----\n",
                "is_ca": true,
                "issuer": "CN=Starfield Services Root Certificate Authority - G2,O=Starfield Technologies\\, Inc.,L=Scottsdale,ST=Arizona,C=US",
                "not_after": "2037-12-31T01:00:00Z",
                "not_before": "2015-05-25T12:00:00Z",
                "public_key_algorithm": "RSA",
                "serial_number": "144918191876577076464031512351042010504348870",
                "sha1_fingerprint": "06b25927c42a721631c1efd9431e648fa62e1e39",
                "signature_algorithm": "SHA256-RSA",
                "subject": "CN=Amazon Root CA 1,O=Amazon,C=US",
                "version": 3
              },
              {
                "cert_pem": "-----BEGIN CERTIFICATE-----\nMIIEXjCCA0agAwIBAgITB3MSSkvL1E7HtTvq8ZSELToPoTANBgkqhkiG9w0BAQsF\nADA5MQswCQYDVQQGEwJVUzEPMA0GA1UEChMGQW1hem9uMRkwFwYDVQQDExBBbWF6\nb24gUm9vdCBDQSAxMB4XDTIyMDgyMzIyMjUzMFoXDTMwMDgyMzIyMjUzMFowPDEL\nMAkGA1UEBhMCVVMxDzANBgNVBAoTBkFtYXpvbjEcMBoGA1UEAxMTQW1hem9uIFJT\nQSAyMDQ4IE0wMjCCASIwDQYJKoZIhvcNAQEBBQADggEPADCCAQoCggEBALtDGMZa\nqHneKei1by6+pUPPLljTB143Si6VpEWPc6mSkFhZb/6qrkZyoHlQLbDYnI2D7hD0\nsdzEqfnuAjIsuXQLG3A8TvX6V3oFNBFVe8NlLJHvBseKY88saLwufxkZVwk74g4n\nWlNMXzla9Y5F3wwRHwMVH443xGz6UtGSZSqQ94eFx5X7Tlqt8whi8qCaKdZ5rNak\n+r9nUThOeClqFd4oXych//Rc7Y0eX1KNWHYSI1Nk31mYgiK3JvH063g+K9tHA63Z\neTgKgndlh+WI+zv7i44HepRZjA1FYwYZ9Vv/9UkC5Yz8/yU65fgjaE+wVHM4e/Yy\nC2osrPWE7gJ+dXMCAwEAAaOCAVowggFWMBIGA1UdEwEB/wQIMAYBAf8CAQAwDgYD\nVR0PAQH/BAQDAgGGMB0GA1UdJQQWMBQGCCsGAQUFBwMBBggrBgEFBQcDAjAdBgNV\nHQ4EFgQUwDFSzVpQw4J8dHHOy+mc+XrrguIwHwYDVR0jBBgwFoAUhBjMhTTsvAyU\nlC4IWZzHshBOCggwewYIKwYBBQUHAQEEbzBtMC8GCCsGAQUFBzABhiNodHRwOi8v\nb2NzcC5yb290Y2ExLmFtYXpvbnRydXN0LmNvbTA6BggrBgEFBQcwAoYuaHR0cDov\nL2NydC5yb290Y2ExLmFtYXpvbnRydXN0LmNvbS9yb290Y2ExLmNlcjA/BgNVHR8E\nODA2MDSgMqAwhi5odHRwOi8vY3JsLnJvb3RjYTEuYW1hem9udHJ1c3QuY29tL3Jv\nb3RjYTEuY3JsMBMGA1UdIAQMMAowCAYGZ4EMAQIBMA0GCSqGSIb3DQEBCwUAA4IB\nAQAtTi6Fs0Azfi+iwm7jrz+CSxHH+uHl7Law3MQSXVtR8RV53PtR6r/6gNpqlzdo\nZq4FKbADi1v9Bun8RY8D51uedRfjsbeodizeBB8nXmeyD33Ep7VATj4ozcd31YFV\nfgRhvTSxNrrTlNpWkUk0m3BMPv8sg381HhA6uEYokE5q9uws/3YkKqRiEz3TsaWm\nJqIRZhMbgAfp7O7FUwFIb7UIspogZSKxPIWJpxiPo3TcBambbVtQOcNRWz5qCQdD\nslI2yayq0n2TXoHyNCLEH8rpsJRVILFsg0jc7BaFrMnF462+ajSehgj12IidNeRN\n4zl+EoNaWdpnWndvSpAEkq2P\n-----END CERTIFICATE-----\n",
                "is_ca": true,
                "issuer": "CN=Amazon Root CA 1,O=Amazon,C=US",
                "not_after": "2030-08-23T22:25:30Z",
                "not_before": "2022-08-23T22:25:30Z",
                "public_key_algorithm": "RSA",
                "serial_number": "166129353110899469622597955040406457904926625",
                "sha1_fingerprint": "414a2060b738c635cc7fc243e052615592830c53",
                "signature_algorithm": "SHA256-RSA",
                "subject": "CN=Amazon RSA 2048 M02,O=Amazon,C=US",
                "version": 3
              },
              {
                "cert_pem": "-----BEGIN CERTIFICATE-----\nMIIF5TCCBM2gAwIBAgIQAjekYPHTKkTyiIeQ9C7aYjANBgkqhkiG9w0BAQsFADA8\nMQswCQYDVQQGEwJVUzEPMA0GA1UEChMGQW1hem9uMRwwGgYDVQQDExNBbWF6b24g\nUlNBIDIwNDggTTAyMB4XDTI1MDIyNjAwMDAwMFoXDTI2MDMyODIzNTk1OVowKDEm\nMCQGA1UEAwwdKi5la3MuZXUtd2VzdC0xLmFtYXpvbmF3cy5jb20wggEiMA0GCSqG\nSIb3DQEBAQUAA4IBDwAwggEKAoIBAQDKHQPfgaTQJdmXnyAvNU5NRydNfP2cE/U4\nz+NUhee/wnFSOXjzB/J9YdFFxEkdOiPKJXR+Isg3HMIo4aMYW8FwtOa9FLIpYxiU\n4w4rELCpxsxjngWkZXs5B1eZWb95Es6JNx0bX9DitXssqlrj0m0OlXth0kh6zoiE\nfKogyaA2CqInix2cwKeP0IhyXVwWWoBc+nl4EMAl8Vw/zgegYglr9PeNwDBZ4Z9P\nGdXjkHid5fweoBP14VgmoipDBwU2PSQdj1kmoXVsAwv6Rs+fdzVv5pC+SGTXvCrR\noCy3SH4HitHH52sfw7VsrV+41YK3CoOJgCW42sIshWYaBJWpJV5LAgMBAAGjggL1\nMIIC8TAfBgNVHSMEGDAWgBTAMVLNWlDDgnx0cc7L6Zz5euuC4jAdBgNVHQ4EFgQU\n2NLktLy6YCzLSBPKISTbFocuY+wwKAYDVR0RBCEwH4IdKi5la3MuZXUtd2VzdC0x\nLmFtYXpvbmF3cy5jb20wEwYDVR0gBAwwCjAIBgZngQwBAgEwDgYDVR0PAQH/BAQD\nAgWgMB0GA1UdJQQWMBQGCCsGAQUFBwMBBggrBgEFBQcDAjA7BgNVHR8ENDAyMDCg\nLqAshipodHRwOi8vY3JsLnIybTAyLmFtYXpvbnRydXN0LmNvbS9yMm0wMi5jcmww\ndQYIKwYBBQUHAQEEaTBnMC0GCCsGAQUFBzABhiFodHRwOi8vb2NzcC5yMm0wMi5h\nbWF6b250cnVzdC5jb20wNgYIKwYBBQUHMAKGKmh0dHA6Ly9jcnQucjJtMDIuYW1h\nem9udHJ1c3QuY29tL3IybTAyLmNlcjAMBgNVHRMBAf8EAjAAMIIBfQYKKwYBBAHW\neQIEAgSCAW0EggFpAWcAdQAOV5S8866pPjMbLJkHs/eQ35vCPXEyJd0hqSWsYcVO\nIQAAAZU/2jnRAAAEAwBGMEQCIF2p9gUp/kJkHtyPegdZG3YN+JPRKfprZJugSIf8\nQCYBAiA2XaeMV8TSSDMiLAHHqwPD0rO8Yc2nGlF21Cf1ria+GwB2AGQRxGykEuyn\niRyiAi4AvKtPKAfUHjUnq+r+1QPJfc3wAAABlT/aOYoAAAQDAEcwRQIhAIbOlB/G\nuAajD9Jg+6kKGbFnYEiOEUMzy35gwjZ6DwsRAiBVEUgAIDFZaYkbUTSsKi8a2X0v\nUR2kKO2DgP0Wpz3BwQB2AEmcm2neHXzs/DbezYdkprhbrwqHgBnRVVL76esp3fjD\nAAABlT/aOY8AAAQDAEcwRQIhAOrK7UxWg2aXXVYMGxo2M83rHvuKujuLLDQQb2+P\n1GIpAiB4++lNF0h/L08V6UAbODPEYO9rgI8cDEwVAOyAzKtE4TANBgkqhkiG9w0B\nAQsFAAOCAQEAW4ev/cYzwRVX+hjr7CaZban79OTInx2rVflnrY1e6a8q2MaE+cpW\n4VusRCdhWyHcGs+yAEmESxz7Q+LABCBamoZfRPJ5pgjc6uxwIGQ3hKKkbVnO1rsA\nUwGVEZLRzCrG0aHeWxLkjXsvQIypOpY0YhkH8NYyU5VifRzmSY2JoIyNuQKn2gSM\nMb5dkmelkprfCKtcqOq9aHBAp7CKUkr4flsPsL+v0vAf8MPTO084KV2OsPvWUtZY\nI2nMLCdjyemGnGnaUFIS/ykUrgi09ihwmMQxP4Ddr/yr1N84sur8dM+U6QtxaaeI\nAbmwRf+ZfAwxYzj9YsWLZC364Dvw5U1GQA==\n-----END CERTIFICATE-----\n",
                "is_ca": false,
                "issuer": "CN=Amazon RSA 2048 M02,O=Amazon,C=US",
                "not_after": "2026-03-28T23:59:59Z",
                "not_before": "2025-02-26T00:00:00Z",
                "public_key_algorithm": "RSA",
                "serial_number": "2947366314709017834832821014634617442",
                "sha1_fingerprint": "1e5f0e548dadf9e218394c904e5e8b04e91f782e",
                "signature_algorithm": "SHA256-RSA",
                "subject": "CN=*.eks.eu-west-1.amazonaws.com",
                "version": 3
              }
            ],
            "content": null,
            "id": "08332733484502a5c0ee4f44b59e6f9baaa72352",
            "url": "https://oidc.eks.eu-west-1.amazonaws.com/id/E1E2A65ECFFFA42490FDE5CAB4B9ED87",
            "verify_chain": true
          },
          "sensitive_attributes": []
        }
      ]
    },
    {
      "module": "module.eks.module.eks",
      "mode": "managed",
      "type": "aws_cloudwatch_log_group",
      "name": "this",
      "provider": "provider[\"registry.terraform.io/hashicorp/aws\"]",
      "instances": [
        {
          "index_key": 0,
          "schema_version": 0,
          "attributes": {
            "arn": "arn:aws:logs:eu-west-1:302263058495:log-group:/aws/eks/my-eks-cluster/cluster",
            "id": "/aws/eks/my-eks-cluster/cluster",
            "kms_key_id": "",
            "log_group_class": "STANDARD",
            "name": "/aws/eks/my-eks-cluster/cluster",
            "name_prefix": "",
            "retention_in_days": 90,
            "skip_destroy": false,
            "tags": {
              "Name": "/aws/eks/my-eks-cluster/cluster"
            },
            "tags_all": {
              "Name": "/aws/eks/my-eks-cluster/cluster"
            }
          },
          "sensitive_attributes": [],
          "private": "bnVsbA==",
          "create_before_destroy": true
        }
      ]
    },
    {
      "module": "module.eks.module.eks",
      "mode": "managed",
      "type": "aws_eks_cluster",
      "name": "this",
      "provider": "provider[\"registry.terraform.io/hashicorp/aws\"]",
      "instances": [
        {
          "index_key": 0,
          "schema_version": 1,
          "attributes": {
            "access_config": [
              {
                "authentication_mode": "API_AND_CONFIG_MAP",
                "bootstrap_cluster_creator_admin_permissions": false
              }
            ],
            "arn": "arn:aws:eks:eu-west-1:302263058495:cluster/my-eks-cluster",
            "bootstrap_self_managed_addons": true,
            "certificate_authority": [
              {
                "data": "LS0tLS1CRUdJTiBDRVJUSUZJQ0FURS0tLS0tCk1JSURCVENDQWUyZ0F3SUJBZ0lJTlYzaEhOOHgweGt3RFFZSktvWklodmNOQVFFTEJRQXdGVEVUTUJFR0ExVUUKQXhNS2EzVmlaWEp1WlhSbGN6QWVGdzB5TlRBek1qTXhPVE0wTlRoYUZ3MHpOVEF6TWpFeE9UTTVOVGhhTUJVeApFekFSQmdOVkJBTVRDbXQxWW1WeWJtVjBaWE13Z2dFaU1BMEdDU3FHU0liM0RRRUJBUVVBQTRJQkR3QXdnZ0VLCkFvSUJBUURRSndCWENOU0dKQXp4R3RJT0xpNFRjbHhDZktGdGRydVV6c0Vrd2g3eHhVRnZjTmdBODNqK1FEU0QKaE4vb3hGdFhkS2VjcnFIamNFaUdVOEVUUThSaDg5TlRZYVVpNGovMjR1R2JpQzRVWVc3b2dWS0IyZ1BhLzljcgpOa2p5RHpRd3lLUm9yVzEyUjB5aUZ3ODNoNGFuTFF6SGJWU3hZYnNEQk9xL253TlZrVGxrN25DN095MkJFS25zCmtCTktKZU9lc1gzcU02ak5DTmZySk0xeGRJK2tzanhMWUU3SDhiRGtHZmdGTkNJREJGc2NlbnI2RFdnY0RrcFAKRU5SS2lYL1JpZVl6R0lBNnFyT0NYT1cyRTMwYUY0OWVnUCtGeFdzQUVaQzFac25xMWZMekJxUnl4TVpKQUY5MwpKYUZzMnE4NGRodTRaeEIwNDgvY2R2anUyMGxSQWdNQkFBR2pXVEJYTUE0R0ExVWREd0VCL3dRRUF3SUNwREFQCkJnTlZIUk1CQWY4RUJUQURBUUgvTUIwR0ExVWREZ1FXQkJRTUd6ZzNEbm1FNE10Yno0aVNxSmM2UU1aMlhEQVYKQmdOVkhSRUVEakFNZ2dwcmRXSmxjbTVsZEdWek1BMEdDU3FHU0liM0RRRUJDd1VBQTRJQkFRQldKdnpuWkRUbQpSaitXcStjc1V5Qy9sL05OTkVmQlFPdzBCVURQTUUrek8xWG0zU3V4dmRLRzBrK0NnQTBzRFBlTlZVeFJmVHpsCkgrcE52NFlyeEczOEgvaTlQc0IvSDFyQTJYTHBGL3o0T1Q3Vk02WHJUa0JneEdSQndzRjdCLzNRR3pvNXJTb0MKQzFQR084blArTXNnT3p4NkVWTTdNTWZFMEFuci9IbExQL3NGd3dlZk5PSFhteDhtNjIyWkpsUFVCNStLeTU4dApld29zT3pQemRrYmNxeEc5SGVUQjVmWEczMzM4alNReThvRnRTMHZDd3Q2M2tUSldLWE1YSWN3cWxwelJyUVZJCjVqL3FwdXdkNmNTekorZFJUdzdCYVhBb2U5ci9IQnBRRlBSL0dXUEhuY2Nsd3U1T1gyUEM3aTRSWTRSQVI4RDQKYjVpNy8rN0R6dVcwCi0tLS0tRU5EIENFUlRJRklDQVRFLS0tLS0K"
              }
            ],
            "cluster_id": null,
            "compute_config": [],
            "created_at": "2025-03-23T19:35:42Z",
            "enabled_cluster_log_types": [
              "api",
              "audit",
              "authenticator"
            ],
            "encryption_config": [
              {
                "provider": [
                  {
                    "key_arn": "arn:aws:kms:eu-west-1:302263058495:key/a77ebbc7-b39f-40c4-ba42-8bb20e08b94d"
                  }
                ],
                "resources": [
                  "secrets"
                ]
              }
            ],
            "endpoint": "https://E1E2A65ECFFFA42490FDE5CAB4B9ED87.gr7.eu-west-1.eks.amazonaws.com",
            "id": "my-eks-cluster",
            "identity": [
              {
                "oidc": [
                  {
                    "issuer": "https://oidc.eks.eu-west-1.amazonaws.com/id/E1E2A65ECFFFA42490FDE5CAB4B9ED87"
                  }
                ]
              }
            ],
            "kubernetes_network_config": [
              {
                "elastic_load_balancing": [
                  {
                    "enabled": false
                  }
                ],
                "ip_family": "ipv4",
                "service_ipv4_cidr": "172.20.0.0/16",
                "service_ipv6_cidr": ""
              }
            ],
            "name": "my-eks-cluster",
            "outpost_config": [],
            "platform_version": "eks.38",
            "remote_network_config": [],
            "role_arn": "arn:aws:iam::302263058495:role/my-eks-cluster-cluster-20250323193516318200000002",
            "status": "ACTIVE",
            "storage_config": [],
            "tags": {
              "terraform-aws-modules": "eks"
            },
            "tags_all": {
              "terraform-aws-modules": "eks"
            },
            "timeouts": {
              "create": null,
              "delete": null,
              "update": null
            },
            "upgrade_policy": [
              {
                "support_type": "EXTENDED"
              }
            ],
            "version": "1.28",
            "vpc_config": [
              {
                "cluster_security_group_id": "sg-0b26c8dfc4bdd0c12",
                "endpoint_private_access": true,
                "endpoint_public_access": false,
                "public_access_cidrs": [
                  "0.0.0.0/0"
                ],
                "security_group_ids": [
                  "sg-0ba70ab54492b22d4"
                ],
                "subnet_ids": [
                  "subnet-0e051cc97e9c2a3e3",
                  "subnet-0faf07f635ed42b11"
                ],
                "vpc_id": "vpc-0462c516b672696be"
              }
            ],
            "zonal_shift_config": []
          },
          "sensitive_attributes": [],
          "private": "eyJlMmJmYjczMC1lY2FhLTExZTYtOGY4OC0zNDM2M2JjN2M0YzAiOnsiY3JlYXRlIjoxODAwMDAwMDAwMDAwLCJkZWxldGUiOjkwMDAwMDAwMDAwMCwidXBkYXRlIjozNjAwMDAwMDAwMDAwfSwic2NoZW1hX3ZlcnNpb24iOiIxIn0=",
          "dependencies": [
            "module.eks.module.eks.aws_cloudwatch_log_group.this",
            "module.eks.module.eks.aws_iam_policy.cni_ipv6_policy",
            "module.eks.module.eks.aws_iam_role.eks_auto",
            "module.eks.module.eks.aws_iam_role.this",
            "module.eks.module.eks.aws_iam_role_policy_attachment.this",
            "module.eks.module.eks.aws_security_group.cluster",
            "module.eks.module.eks.aws_security_group.node",
            "module.eks.module.eks.aws_security_group_rule.cluster",
            "module.eks.module.eks.aws_security_group_rule.node",
            "module.eks.module.eks.data.aws_caller_identity.current",
            "module.eks.module.eks.data.aws_iam_policy_document.assume_role_policy",
            "module.eks.module.eks.data.aws_iam_policy_document.cni_ipv6_policy",
            "module.eks.module.eks.data.aws_iam_policy_document.node_assume_role_policy",
            "module.eks.module.eks.data.aws_iam_session_context.current",
            "module.eks.module.eks.data.aws_partition.current",
            "module.eks.module.eks.module.kms.aws_kms_external_key.this",
            "module.eks.module.eks.module.kms.aws_kms_key.this",
            "module.eks.module.eks.module.kms.aws_kms_replica_external_key.this",
            "module.eks.module.eks.module.kms.aws_kms_replica_key.this",
            "module.eks.module.eks.module.kms.data.aws_caller_identity.current",
            "module.eks.module.eks.module.kms.data.aws_iam_policy_document.this",
            "module.eks.module.eks.module.kms.data.aws_partition.current",
            "module.vpc.aws_subnet.private_subnets",
            "module.vpc.aws_vpc.eks_vpc"
          ],
          "create_before_destroy": true
        }
      ]
    },
    {
      "module": "module.eks.module.eks",
      "mode": "managed",
      "type": "aws_iam_openid_connect_provider",
      "name": "oidc_provider",
      "provider": "provider[\"registry.terraform.io/hashicorp/aws\"]",
      "instances": [
        {
          "index_key": 0,
          "schema_version": 0,
          "attributes": {
            "arn": "arn:aws:iam::302263058495:oidc-provider/oidc.eks.eu-west-1.amazonaws.com/id/E1E2A65ECFFFA42490FDE5CAB4B9ED87",
            "client_id_list": [
              "sts.amazonaws.com"
            ],
            "id": "arn:aws:iam::302263058495:oidc-provider/oidc.eks.eu-west-1.amazonaws.com/id/E1E2A65ECFFFA42490FDE5CAB4B9ED87",
            "tags": {
              "Name": "my-eks-cluster-eks-irsa"
            },
            "tags_all": {
              "Name": "my-eks-cluster-eks-irsa"
            },
            "thumbprint_list": [
              "06b25927c42a721631c1efd9431e648fa62e1e39"
            ],
            "url": "oidc.eks.eu-west-1.amazonaws.com/id/E1E2A65ECFFFA42490FDE5CAB4B9ED87"
          },
          "sensitive_attributes": [],
          "private": "bnVsbA==",
          "dependencies": [
            "module.eks.module.eks.aws_cloudwatch_log_group.this",
            "module.eks.module.eks.aws_eks_cluster.this",
            "module.eks.module.eks.aws_iam_policy.cni_ipv6_policy",
            "module.eks.module.eks.aws_iam_role.eks_auto",
            "module.eks.module.eks.aws_iam_role.this",
            "module.eks.module.eks.aws_iam_role_policy_attachment.this",
            "module.eks.module.eks.aws_security_group.cluster",
            "module.eks.module.eks.aws_security_group.node",
            "module.eks.module.eks.aws_security_group_rule.cluster",
            "module.eks.module.eks.aws_security_group_rule.node",
            "module.eks.module.eks.data.aws_caller_identity.current",
            "module.eks.module.eks.data.aws_iam_policy_document.assume_role_policy",
            "module.eks.module.eks.data.aws_iam_policy_document.cni_ipv6_policy",
            "module.eks.module.eks.data.aws_iam_policy_document.node_assume_role_policy",
            "module.eks.module.eks.data.aws_iam_session_context.current",
            "module.eks.module.eks.data.aws_partition.current",
            "module.eks.module.eks.data.tls_certificate.this",
            "module.eks.module.eks.module.kms.aws_kms_external_key.this",
            "module.eks.module.eks.module.kms.aws_kms_key.this",
            "module.eks.module.eks.module.kms.aws_kms_replica_external_key.this",
            "module.eks.module.eks.module.kms.aws_kms_replica_key.this",
            "module.eks.module.eks.module.kms.data.aws_caller_identity.current",
            "module.eks.module.eks.module.kms.data.aws_iam_policy_document.this",
            "module.eks.module.eks.module.kms.data.aws_partition.current",
            "module.vpc.aws_subnet.private_subnets",
            "module.vpc.aws_vpc.eks_vpc"
          ]
        }
      ]
    },
    {
      "module": "module.eks.module.eks",
      "mode": "managed",
      "type": "aws_iam_policy",
      "name": "cluster_encryption",
      "provider": "provider[\"registry.terraform.io/hashicorp/aws\"]",
      "instances": [
        {
          "index_key": 0,
          "schema_version": 0,
          "attributes": {
            "arn": "arn:aws:iam::302263058495:policy/my-eks-cluster-cluster-ClusterEncryption2025032319353981260000000e",
            "attachment_count": 0,
            "description": "Cluster encryption policy to allow cluster role to utilize CMK provided",
            "id": "arn:aws:iam::302263058495:policy/my-eks-cluster-cluster-ClusterEncryption2025032319353981260000000e",
            "name": "my-eks-cluster-cluster-ClusterEncryption2025032319353981260000000e",
            "name_prefix": "my-eks-cluster-cluster-ClusterEncryption",
            "path": "/",
            "policy": "{\"Statement\":[{\"Action\":[\"kms:Encrypt\",\"kms:Decrypt\",\"kms:ListGrants\",\"kms:DescribeKey\"],\"Effect\":\"Allow\",\"Resource\":\"arn:aws:kms:eu-west-1:302263058495:key/a77ebbc7-b39f-40c4-ba42-8bb20e08b94d\"}],\"Version\":\"2012-10-17\"}",
            "policy_id": "ANPAUMYCIIA7S4HRJ7TRA",
            "tags": null,
            "tags_all": {}
          },
          "sensitive_attributes": [],
          "private": "bnVsbA==",
          "dependencies": [
            "module.eks.module.eks.aws_iam_role.this",
            "module.eks.module.eks.data.aws_caller_identity.current",
            "module.eks.module.eks.data.aws_iam_policy_document.assume_role_policy",
            "module.eks.module.eks.data.aws_iam_session_context.current",
            "module.eks.module.eks.module.kms.aws_kms_external_key.this",
            "module.eks.module.eks.module.kms.aws_kms_key.this",
            "module.eks.module.eks.module.kms.aws_kms_replica_external_key.this",
            "module.eks.module.eks.module.kms.aws_kms_replica_key.this",
            "module.eks.module.eks.module.kms.data.aws_caller_identity.current",
            "module.eks.module.eks.module.kms.data.aws_iam_policy_document.this",
            "module.eks.module.eks.module.kms.data.aws_partition.current"
          ]
        }
      ]
    },
    {
      "module": "module.eks.module.eks",
      "mode": "managed",
      "type": "aws_iam_policy",
      "name": "custom",
      "provider": "provider[\"registry.terraform.io/hashicorp/aws\"]",
      "instances": [
        {
          "index_key": 0,
          "schema_version": 0,
          "attributes": {
            "arn": "arn:aws:iam::302263058495:policy/my-eks-cluster-cluster-20250323193516318200000001",
            "attachment_count": 0,
            "description": "",
            "id": "arn:aws:iam::302263058495:policy/my-eks-cluster-cluster-20250323193516318200000001",
            "name": "my-eks-cluster-cluster-20250323193516318200000001",
            "name_prefix": "my-eks-cluster-cluster-",
            "path": "/",
            "policy": "{\"Statement\":[{\"Action\":[\"ec2:RunInstances\",\"ec2:CreateLaunchTemplate\",\"ec2:CreateFleet\"],\"Condition\":{\"StringEquals\":{\"aws:RequestTag/eks:eks-cluster-name\":\"${aws:PrincipalTag/eks:eks-cluster-name}\"},\"StringLike\":{\"aws:RequestTag/eks:kubernetes-node-class-name\":\"*\",\"aws:RequestTag/eks:kubernetes-node-pool-name\":\"*\"}},\"Effect\":\"Allow\",\"Resource\":\"*\",\"Sid\":\"Compute\"},{\"Action\":[\"ec2:CreateVolume\",\"ec2:CreateSnapshot\"],\"Condition\":{\"StringEquals\":{\"aws:RequestTag/eks:eks-cluster-name\":\"${aws:PrincipalTag/eks:eks-cluster-name}\"}},\"Effect\":\"Allow\",\"Resource\":[\"arn:aws:ec2:*:*:volume/*\",\"arn:aws:ec2:*:*:snapshot/*\"],\"Sid\":\"Storage\"},{\"Action\":\"ec2:CreateNetworkInterface\",\"Condition\":{\"StringEquals\":{\"aws:RequestTag/eks:eks-cluster-name\":\"${aws:PrincipalTag/eks:eks-cluster-name}\",\"aws:RequestTag/eks:kubernetes-cni-node-name\":\"*\"}},\"Effect\":\"Allow\",\"Resource\":\"*\",\"Sid\":\"Networking\"},{\"Action\":[\"elasticloadbalancing:CreateTargetGroup\",\"elasticloadbalancing:CreateRule\",\"elasticloadbalancing:CreateLoadBalancer\",\"elasticloadbalancing:CreateListener\",\"ec2:CreateSecurityGroup\"],\"Condition\":{\"StringEquals\":{\"aws:RequestTag/eks:eks-cluster-name\":\"${aws:PrincipalTag/eks:eks-cluster-name}\"}},\"Effect\":\"Allow\",\"Resource\":\"*\",\"Sid\":\"LoadBalancer\"},{\"Action\":\"shield:CreateProtection\",\"Condition\":{\"StringEquals\":{\"aws:RequestTag/eks:eks-cluster-name\":\"${aws:PrincipalTag/eks:eks-cluster-name}\"}},\"Effect\":\"Allow\",\"Resource\":\"*\",\"Sid\":\"ShieldProtection\"},{\"Action\":\"shield:TagResource\",\"Condition\":{\"StringEquals\":{\"aws:RequestTag/eks:eks-cluster-name\":\"${aws:PrincipalTag/eks:eks-cluster-name}\"}},\"Effect\":\"Allow\",\"Resource\":\"arn:aws:shield::*:protection/*\",\"Sid\":\"ShieldTagResource\"}],\"Version\":\"2012-10-17\"}",
            "policy_id": "ANPAUMYCIIA72PX3BO2ZG",
            "tags": null,
            "tags_all": {}
          },
          "sensitive_attributes": [],
          "private": "bnVsbA==",
          "dependencies": [
            "module.eks.module.eks.data.aws_iam_policy_document.custom",
            "module.eks.module.eks.data.aws_partition.current"
          ]
        }
      ]
    },
    {
      "module": "module.eks.module.eks",
      "mode": "managed",
      "type": "aws_iam_role",
      "name": "this",
      "provider": "provider[\"registry.terraform.io/hashicorp/aws\"]",
      "instances": [
        {
          "index_key": 0,
          "schema_version": 0,
          "attributes": {
            "arn": "arn:aws:iam::302263058495:role/my-eks-cluster-cluster-20250323193516318200000002",
            "assume_role_policy": "{\"Statement\":[{\"Action\":[\"sts:TagSession\",\"sts:AssumeRole\"],\"Effect\":\"Allow\",\"Principal\":{\"Service\":\"eks.amazonaws.com\"},\"Sid\":\"EKSClusterAssumeRole\"}],\"Version\":\"2012-10-17\"}",
            "create_date": "2025-03-23T19:35:17Z",
            "description": "",
            "force_detach_policies": true,
            "id": "my-eks-cluster-cluster-20250323193516318200000002",
            "inline_policy": [],
            "managed_policy_arns": [],
            "max_session_duration": 3600,
            "name": "my-eks-cluster-cluster-20250323193516318200000002",
            "name_prefix": "my-eks-cluster-cluster-",
            "path": "/",
            "permissions_boundary": "",
            "tags": null,
            "tags_all": {},
            "unique_id": "AROAUMYCIIA7YJI3VXLEP"
          },
          "sensitive_attributes": [],
          "private": "bnVsbA==",
          "dependencies": [
            "module.eks.module.eks.data.aws_iam_policy_document.assume_role_policy"
          ],
          "create_before_destroy": true
        }
      ]
    },
    {
      "module": "module.eks.module.eks",
      "mode": "managed",
      "type": "aws_iam_role_policy_attachment",
      "name": "cluster_encryption",
      "provider": "provider[\"registry.terraform.io/hashicorp/aws\"]",
      "instances": [
        {
          "index_key": 0,
          "schema_version": 0,
          "attributes": {
            "id": "my-eks-cluster-cluster-20250323193516318200000002-20250323193540693800000010",
            "policy_arn": "arn:aws:iam::302263058495:policy/my-eks-cluster-cluster-ClusterEncryption2025032319353981260000000e",
            "role": "my-eks-cluster-cluster-20250323193516318200000002"
          },
          "sensitive_attributes": [],
          "private": "bnVsbA==",
          "dependencies": [
            "module.eks.module.eks.aws_iam_policy.cluster_encryption",
            "module.eks.module.eks.aws_iam_role.this",
            "module.eks.module.eks.data.aws_caller_identity.current",
            "module.eks.module.eks.data.aws_iam_policy_document.assume_role_policy",
            "module.eks.module.eks.data.aws_iam_session_context.current",
            "module.eks.module.eks.module.kms.aws_kms_external_key.this",
            "module.eks.module.eks.module.kms.aws_kms_key.this",
            "module.eks.module.eks.module.kms.aws_kms_replica_external_key.this",
            "module.eks.module.eks.module.kms.aws_kms_replica_key.this",
            "module.eks.module.eks.module.kms.data.aws_caller_identity.current",
            "module.eks.module.eks.module.kms.data.aws_iam_policy_document.this",
            "module.eks.module.eks.module.kms.data.aws_partition.current"
          ]
        }
      ]
    },
    {
      "module": "module.eks.module.eks",
      "mode": "managed",
      "type": "aws_iam_role_policy_attachment",
      "name": "custom",
      "provider": "provider[\"registry.terraform.io/hashicorp/aws\"]",
      "instances": [
        {
          "index_key": 0,
          "schema_version": 0,
          "attributes": {
            "id": "my-eks-cluster-cluster-20250323193516318200000002-20250323193518026600000007",
            "policy_arn": "arn:aws:iam::302263058495:policy/my-eks-cluster-cluster-20250323193516318200000001",
            "role": "my-eks-cluster-cluster-20250323193516318200000002"
          },
          "sensitive_attributes": [],
          "private": "bnVsbA==",
          "dependencies": [
            "module.eks.module.eks.aws_iam_policy.custom",
            "module.eks.module.eks.aws_iam_role.this",
            "module.eks.module.eks.data.aws_iam_policy_document.assume_role_policy",
            "module.eks.module.eks.data.aws_iam_policy_document.custom",
            "module.eks.module.eks.data.aws_partition.current"
          ]
        }
      ]
    },
    {
      "module": "module.eks.module.eks",
      "mode": "managed",
      "type": "aws_iam_role_policy_attachment",
      "name": "this",
      "provider": "provider[\"registry.terraform.io/hashicorp/aws\"]",
      "instances": [
        {
          "index_key": "AmazonEKSClusterPolicy",
          "schema_version": 0,
          "attributes": {
            "id": "my-eks-cluster-cluster-20250323193516318200000002-20250323193518179200000009",
            "policy_arn": "arn:aws:iam::aws:policy/AmazonEKSClusterPolicy",
            "role": "my-eks-cluster-cluster-20250323193516318200000002"
          },
          "sensitive_attributes": [],
          "private": "bnVsbA==",
          "dependencies": [
            "module.eks.module.eks.aws_iam_role.this",
            "module.eks.module.eks.data.aws_iam_policy_document.assume_role_policy",
            "module.eks.module.eks.data.aws_partition.current"
          ],
          "create_before_destroy": true
        },
        {
          "index_key": "AmazonEKSVPCResourceController",
          "schema_version": 0,
          "attributes": {
            "id": "my-eks-cluster-cluster-20250323193516318200000002-20250323193518038600000008",
            "policy_arn": "arn:aws:iam::aws:policy/AmazonEKSVPCResourceController",
            "role": "my-eks-cluster-cluster-20250323193516318200000002"
          },
          "sensitive_attributes": [],
          "private": "bnVsbA==",
          "dependencies": [
            "module.eks.module.eks.aws_iam_role.this",
            "module.eks.module.eks.data.aws_iam_policy_document.assume_role_policy",
            "module.eks.module.eks.data.aws_partition.current"
          ],
          "create_before_destroy": true
        }
      ]
    },
    {
      "module": "module.eks.module.eks",
      "mode": "managed",
      "type": "aws_security_group",
      "name": "cluster",
      "provider": "provider[\"registry.terraform.io/hashicorp/aws\"]",
      "instances": [
        {
          "index_key": 0,
          "schema_version": 1,
          "attributes": {
            "arn": "arn:aws:ec2:eu-west-1:302263058495:security-group/sg-0ba70ab54492b22d4",
            "description": "EKS cluster security group",
            "egress": [],
            "id": "sg-0ba70ab54492b22d4",
            "ingress": [],
            "name": "my-eks-cluster-cluster-2025032319352855430000000c",
            "name_prefix": "my-eks-cluster-cluster-",
            "owner_id": "302263058495",
            "revoke_rules_on_delete": false,
            "tags": {
              "Name": "my-eks-cluster-cluster"
            },
            "tags_all": {
              "Name": "my-eks-cluster-cluster"
            },
            "timeouts": null,
            "vpc_id": "vpc-0462c516b672696be"
          },
          "sensitive_attributes": [],
          "private": "eyJlMmJmYjczMC1lY2FhLTExZTYtOGY4OC0zNDM2M2JjN2M0YzAiOnsiY3JlYXRlIjo2MDAwMDAwMDAwMDAsImRlbGV0ZSI6OTAwMDAwMDAwMDAwfSwic2NoZW1hX3ZlcnNpb24iOiIxIn0=",
          "dependencies": [
            "module.vpc.aws_vpc.eks_vpc"
          ],
          "create_before_destroy": true
        }
      ]
    },
    {
      "module": "module.eks.module.eks",
      "mode": "managed",
      "type": "aws_security_group",
      "name": "node",
      "provider": "provider[\"registry.terraform.io/hashicorp/aws\"]",
      "instances": [
        {
          "index_key": 0,
          "schema_version": 1,
          "attributes": {
            "arn": "arn:aws:ec2:eu-west-1:302263058495:security-group/sg-008cdfe06e41cc7a5",
            "description": "EKS node shared security group",
            "egress": [],
            "id": "sg-008cdfe06e41cc7a5",
            "ingress": [],
            "name": "my-eks-cluster-node-2025032319352855370000000b",
            "name_prefix": "my-eks-cluster-node-",
            "owner_id": "302263058495",
            "revoke_rules_on_delete": false,
            "tags": {
              "Name": "my-eks-cluster-node",
              "kubernetes.io/cluster/my-eks-cluster": "owned"
            },
            "tags_all": {
              "Name": "my-eks-cluster-node",
              "kubernetes.io/cluster/my-eks-cluster": "owned"
            },
            "timeouts": null,
            "vpc_id": "vpc-0462c516b672696be"
          },
          "sensitive_attributes": [],
          "private": "eyJlMmJmYjczMC1lY2FhLTExZTYtOGY4OC0zNDM2M2JjN2M0YzAiOnsiY3JlYXRlIjo2MDAwMDAwMDAwMDAsImRlbGV0ZSI6OTAwMDAwMDAwMDAwfSwic2NoZW1hX3ZlcnNpb24iOiIxIn0=",
          "dependencies": [
            "module.vpc.aws_vpc.eks_vpc"
          ],
          "create_before_destroy": true
        }
      ]
    },
    {
      "module": "module.eks.module.eks",
      "mode": "managed",
      "type": "aws_security_group_rule",
      "name": "cluster",
      "provider": "provider[\"registry.terraform.io/hashicorp/aws\"]",
      "instances": [
        {
          "index_key": "ingress_nodes_443",
          "schema_version": 2,
          "attributes": {
            "cidr_blocks": null,
            "description": "Node groups to cluster API",
            "from_port": 443,
            "id": "sgrule-200299126",
            "ipv6_cidr_blocks": null,
            "prefix_list_ids": null,
            "protocol": "tcp",
            "security_group_id": "sg-0ba70ab54492b22d4",
            "security_group_rule_id": "sgr-090170328c5e06402",
            "self": false,
            "source_security_group_id": "sg-008cdfe06e41cc7a5",
            "timeouts": null,
            "to_port": 443,
            "type": "ingress"
          },
          "sensitive_attributes": [],
          "private": "eyJlMmJmYjczMC1lY2FhLTExZTYtOGY4OC0zNDM2M2JjN2M0YzAiOnsiY3JlYXRlIjozMDAwMDAwMDAwMDB9LCJzY2hlbWFfdmVyc2lvbiI6IjIifQ==",
          "dependencies": [
            "module.eks.module.eks.aws_security_group.cluster",
            "module.eks.module.eks.aws_security_group.node",
            "module.vpc.aws_vpc.eks_vpc"
          ],
          "create_before_destroy": true
        }
      ]
    },
    {
      "module": "module.eks.module.eks",
      "mode": "managed",
      "type": "aws_security_group_rule",
      "name": "node",
      "provider": "provider[\"registry.terraform.io/hashicorp/aws\"]",
      "instances": [
        {
          "index_key": "egress_all",
          "schema_version": 2,
          "attributes": {
            "cidr_blocks": [
              "0.0.0.0/0"
            ],
            "description": "Allow all egress",
            "from_port": 0,
            "id": "sgrule-3252427173",
            "ipv6_cidr_blocks": null,
            "prefix_list_ids": [],
            "protocol": "-1",
            "security_group_id": "sg-008cdfe06e41cc7a5",
            "security_group_rule_id": "sgr-02a78c0f018e1304d",
            "self": false,
            "source_security_group_id": null,
            "timeouts": null,
            "to_port": 0,
            "type": "egress"
          },
          "sensitive_attributes": [],
          "private": "eyJlMmJmYjczMC1lY2FhLTExZTYtOGY4OC0zNDM2M2JjN2M0YzAiOnsiY3JlYXRlIjozMDAwMDAwMDAwMDB9LCJzY2hlbWFfdmVyc2lvbiI6IjIifQ==",
          "dependencies": [
            "module.eks.module.eks.aws_security_group.cluster",
            "module.eks.module.eks.aws_security_group.node",
            "module.vpc.aws_vpc.eks_vpc"
          ],
          "create_before_destroy": true
        },
        {
          "index_key": "ingress_cluster_443",
          "schema_version": 2,
          "attributes": {
            "cidr_blocks": null,
            "description": "Cluster API to node groups",
            "from_port": 443,
            "id": "sgrule-189373141",
            "ipv6_cidr_blocks": null,
            "prefix_list_ids": [],
            "protocol": "tcp",
            "security_group_id": "sg-008cdfe06e41cc7a5",
            "security_group_rule_id": "sgr-00b586fae6bf6f22a",
            "self": false,
            "source_security_group_id": "sg-0ba70ab54492b22d4",
            "timeouts": null,
            "to_port": 443,
            "type": "ingress"
          },
          "sensitive_attributes": [],
          "private": "eyJlMmJmYjczMC1lY2FhLTExZTYtOGY4OC0zNDM2M2JjN2M0YzAiOnsiY3JlYXRlIjozMDAwMDAwMDAwMDB9LCJzY2hlbWFfdmVyc2lvbiI6IjIifQ==",
          "dependencies": [
            "module.eks.module.eks.aws_security_group.cluster",
            "module.eks.module.eks.aws_security_group.node",
            "module.vpc.aws_vpc.eks_vpc"
          ],
          "create_before_destroy": true
        },
        {
          "index_key": "ingress_cluster_4443_webhook",
          "schema_version": 2,
          "attributes": {
            "cidr_blocks": null,
            "description": "Cluster API to node 4443/tcp webhook",
            "from_port": 4443,
            "id": "sgrule-8322347",
            "ipv6_cidr_blocks": null,
            "prefix_list_ids": [],
            "protocol": "tcp",
            "security_group_id": "sg-008cdfe06e41cc7a5",
            "security_group_rule_id": "sgr-07482928fba2c3ec5",
            "self": false,
            "source_security_group_id": "sg-0ba70ab54492b22d4",
            "timeouts": null,
            "to_port": 4443,
            "type": "ingress"
          },
          "sensitive_attributes": [],
          "private": "eyJlMmJmYjczMC1lY2FhLTExZTYtOGY4OC0zNDM2M2JjN2M0YzAiOnsiY3JlYXRlIjozMDAwMDAwMDAwMDB9LCJzY2hlbWFfdmVyc2lvbiI6IjIifQ==",
          "dependencies": [
            "module.eks.module.eks.aws_security_group.cluster",
            "module.eks.module.eks.aws_security_group.node",
            "module.vpc.aws_vpc.eks_vpc"
          ],
          "create_before_destroy": true
        },
        {
          "index_key": "ingress_cluster_6443_webhook",
          "schema_version": 2,
          "attributes": {
            "cidr_blocks": null,
            "description": "Cluster API to node 6443/tcp webhook",
            "from_port": 6443,
            "id": "sgrule-3376192189",
            "ipv6_cidr_blocks": null,
            "prefix_list_ids": [],
            "protocol": "tcp",
            "security_group_id": "sg-008cdfe06e41cc7a5",
            "security_group_rule_id": "sgr-04d05eeca65646075",
            "self": false,
            "source_security_group_id": "sg-0ba70ab54492b22d4",
            "timeouts": null,
            "to_port": 6443,
            "type": "ingress"
          },
          "sensitive_attributes": [],
          "private": "eyJlMmJmYjczMC1lY2FhLTExZTYtOGY4OC0zNDM2M2JjN2M0YzAiOnsiY3JlYXRlIjozMDAwMDAwMDAwMDB9LCJzY2hlbWFfdmVyc2lvbiI6IjIifQ==",
          "dependencies": [
            "module.eks.module.eks.aws_security_group.cluster",
            "module.eks.module.eks.aws_security_group.node",
            "module.vpc.aws_vpc.eks_vpc"
          ],
          "create_before_destroy": true
        },
        {
          "index_key": "ingress_cluster_8443_webhook",
          "schema_version": 2,
          "attributes": {
            "cidr_blocks": null,
            "description": "Cluster API to node 8443/tcp webhook",
            "from_port": 8443,
            "id": "sgrule-3663767196",
            "ipv6_cidr_blocks": null,
            "prefix_list_ids": [],
            "protocol": "tcp",
            "security_group_id": "sg-008cdfe06e41cc7a5",
            "security_group_rule_id": "sgr-0ba5981bdf9d70b10",
            "self": false,
            "source_security_group_id": "sg-0ba70ab54492b22d4",
            "timeouts": null,
            "to_port": 8443,
            "type": "ingress"
          },
          "sensitive_attributes": [],
          "private": "eyJlMmJmYjczMC1lY2FhLTExZTYtOGY4OC0zNDM2M2JjN2M0YzAiOnsiY3JlYXRlIjozMDAwMDAwMDAwMDB9LCJzY2hlbWFfdmVyc2lvbiI6IjIifQ==",
          "dependencies": [
            "module.eks.module.eks.aws_security_group.cluster",
            "module.eks.module.eks.aws_security_group.node",
            "module.vpc.aws_vpc.eks_vpc"
          ],
          "create_before_destroy": true
        },
        {
          "index_key": "ingress_cluster_9443_webhook",
          "schema_version": 2,
          "attributes": {
            "cidr_blocks": null,
            "description": "Cluster API to node 9443/tcp webhook",
            "from_port": 9443,
            "id": "sgrule-3200357719",
            "ipv6_cidr_blocks": null,
            "prefix_list_ids": [],
            "protocol": "tcp",
            "security_group_id": "sg-008cdfe06e41cc7a5",
            "security_group_rule_id": "sgr-0393a605566a02fb2",
            "self": false,
            "source_security_group_id": "sg-0ba70ab54492b22d4",
            "timeouts": null,
            "to_port": 9443,
            "type": "ingress"
          },
          "sensitive_attributes": [],
          "private": "eyJlMmJmYjczMC1lY2FhLTExZTYtOGY4OC0zNDM2M2JjN2M0YzAiOnsiY3JlYXRlIjozMDAwMDAwMDAwMDB9LCJzY2hlbWFfdmVyc2lvbiI6IjIifQ==",
          "dependencies": [
            "module.eks.module.eks.aws_security_group.cluster",
            "module.eks.module.eks.aws_security_group.node",
            "module.vpc.aws_vpc.eks_vpc"
          ],
          "create_before_destroy": true
        },
        {
          "index_key": "ingress_cluster_kubelet",
          "schema_version": 2,
          "attributes": {
            "cidr_blocks": null,
            "description": "Cluster API to node kubelets",
            "from_port": 10250,
            "id": "sgrule-3807451482",
            "ipv6_cidr_blocks": null,
            "prefix_list_ids": [],
            "protocol": "tcp",
            "security_group_id": "sg-008cdfe06e41cc7a5",
            "security_group_rule_id": "sgr-020ff860b93e9e1dd",
            "self": false,
            "source_security_group_id": "sg-0ba70ab54492b22d4",
            "timeouts": null,
            "to_port": 10250,
            "type": "ingress"
          },
          "sensitive_attributes": [],
          "private": "eyJlMmJmYjczMC1lY2FhLTExZTYtOGY4OC0zNDM2M2JjN2M0YzAiOnsiY3JlYXRlIjozMDAwMDAwMDAwMDB9LCJzY2hlbWFfdmVyc2lvbiI6IjIifQ==",
          "dependencies": [
            "module.eks.module.eks.aws_security_group.cluster",
            "module.eks.module.eks.aws_security_group.node",
            "module.vpc.aws_vpc.eks_vpc"
          ],
          "create_before_destroy": true
        },
        {
          "index_key": "ingress_nodes_ephemeral",
          "schema_version": 2,
          "attributes": {
            "cidr_blocks": null,
            "description": "Node to node ingress on ephemeral ports",
            "from_port": 1025,
            "id": "sgrule-454980366",
            "ipv6_cidr_blocks": null,
            "prefix_list_ids": [],
            "protocol": "tcp",
            "security_group_id": "sg-008cdfe06e41cc7a5",
            "security_group_rule_id": "sgr-0cf0b05a3b8050584",
            "self": true,
            "source_security_group_id": null,
            "timeouts": null,
            "to_port": 65535,
            "type": "ingress"
          },
          "sensitive_attributes": [],
          "private": "eyJlMmJmYjczMC1lY2FhLTExZTYtOGY4OC0zNDM2M2JjN2M0YzAiOnsiY3JlYXRlIjozMDAwMDAwMDAwMDB9LCJzY2hlbWFfdmVyc2lvbiI6IjIifQ==",
          "dependencies": [
            "module.eks.module.eks.aws_security_group.cluster",
            "module.eks.module.eks.aws_security_group.node",
            "module.vpc.aws_vpc.eks_vpc"
          ],
          "create_before_destroy": true
        },
        {
          "index_key": "ingress_self_coredns_tcp",
          "schema_version": 2,
          "attributes": {
            "cidr_blocks": null,
            "description": "Node to node CoreDNS",
            "from_port": 53,
            "id": "sgrule-2245230042",
            "ipv6_cidr_blocks": null,
            "prefix_list_ids": [],
            "protocol": "tcp",
            "security_group_id": "sg-008cdfe06e41cc7a5",
            "security_group_rule_id": "sgr-08a883ed0484c8ee7",
            "self": true,
            "source_security_group_id": null,
            "timeouts": null,
            "to_port": 53,
            "type": "ingress"
          },
          "sensitive_attributes": [],
          "private": "eyJlMmJmYjczMC1lY2FhLTExZTYtOGY4OC0zNDM2M2JjN2M0YzAiOnsiY3JlYXRlIjozMDAwMDAwMDAwMDB9LCJzY2hlbWFfdmVyc2lvbiI6IjIifQ==",
          "dependencies": [
            "module.eks.module.eks.aws_security_group.cluster",
            "module.eks.module.eks.aws_security_group.node",
            "module.vpc.aws_vpc.eks_vpc"
          ],
          "create_before_destroy": true
        },
        {
          "index_key": "ingress_self_coredns_udp",
          "schema_version": 2,
          "attributes": {
            "cidr_blocks": null,
            "description": "Node to node CoreDNS UDP",
            "from_port": 53,
            "id": "sgrule-562880053",
            "ipv6_cidr_blocks": null,
            "prefix_list_ids": [],
            "protocol": "udp",
            "security_group_id": "sg-008cdfe06e41cc7a5",
            "security_group_rule_id": "sgr-0691ab3c8c292a588",
            "self": true,
            "source_security_group_id": null,
            "timeouts": null,
            "to_port": 53,
            "type": "ingress"
          },
          "sensitive_attributes": [],
          "private": "eyJlMmJmYjczMC1lY2FhLTExZTYtOGY4OC0zNDM2M2JjN2M0YzAiOnsiY3JlYXRlIjozMDAwMDAwMDAwMDB9LCJzY2hlbWFfdmVyc2lvbiI6IjIifQ==",
          "dependencies": [
            "module.eks.module.eks.aws_security_group.cluster",
            "module.eks.module.eks.aws_security_group.node",
            "module.vpc.aws_vpc.eks_vpc"
          ],
          "create_before_destroy": true
        }
      ]
    },
    {
      "module": "module.eks.module.eks",
      "mode": "managed",
      "type": "time_sleep",
      "name": "this",
      "provider": "provider[\"registry.terraform.io/hashicorp/time\"]",
      "instances": [
        {
          "index_key": 0,
          "schema_version": 0,
          "attributes": {
            "create_duration": "30s",
            "destroy_duration": null,
            "id": "2025-03-23T19:45:07Z",
            "triggers": {
              "cluster_certificate_authority_data": "LS0tLS1CRUdJTiBDRVJUSUZJQ0FURS0tLS0tCk1JSURCVENDQWUyZ0F3SUJBZ0lJTlYzaEhOOHgweGt3RFFZSktvWklodmNOQVFFTEJRQXdGVEVUTUJFR0ExVUUKQXhNS2EzVmlaWEp1WlhSbGN6QWVGdzB5TlRBek1qTXhPVE0wTlRoYUZ3MHpOVEF6TWpFeE9UTTVOVGhhTUJVeApFekFSQmdOVkJBTVRDbXQxWW1WeWJtVjBaWE13Z2dFaU1BMEdDU3FHU0liM0RRRUJBUVVBQTRJQkR3QXdnZ0VLCkFvSUJBUURRSndCWENOU0dKQXp4R3RJT0xpNFRjbHhDZktGdGRydVV6c0Vrd2g3eHhVRnZjTmdBODNqK1FEU0QKaE4vb3hGdFhkS2VjcnFIamNFaUdVOEVUUThSaDg5TlRZYVVpNGovMjR1R2JpQzRVWVc3b2dWS0IyZ1BhLzljcgpOa2p5RHpRd3lLUm9yVzEyUjB5aUZ3ODNoNGFuTFF6SGJWU3hZYnNEQk9xL253TlZrVGxrN25DN095MkJFS25zCmtCTktKZU9lc1gzcU02ak5DTmZySk0xeGRJK2tzanhMWUU3SDhiRGtHZmdGTkNJREJGc2NlbnI2RFdnY0RrcFAKRU5SS2lYL1JpZVl6R0lBNnFyT0NYT1cyRTMwYUY0OWVnUCtGeFdzQUVaQzFac25xMWZMekJxUnl4TVpKQUY5MwpKYUZzMnE4NGRodTRaeEIwNDgvY2R2anUyMGxSQWdNQkFBR2pXVEJYTUE0R0ExVWREd0VCL3dRRUF3SUNwREFQCkJnTlZIUk1CQWY4RUJUQURBUUgvTUIwR0ExVWREZ1FXQkJRTUd6ZzNEbm1FNE10Yno0aVNxSmM2UU1aMlhEQVYKQmdOVkhSRUVEakFNZ2dwcmRXSmxjbTVsZEdWek1BMEdDU3FHU0liM0RRRUJDd1VBQTRJQkFRQldKdnpuWkRUbQpSaitXcStjc1V5Qy9sL05OTkVmQlFPdzBCVURQTUUrek8xWG0zU3V4dmRLRzBrK0NnQTBzRFBlTlZVeFJmVHpsCkgrcE52NFlyeEczOEgvaTlQc0IvSDFyQTJYTHBGL3o0T1Q3Vk02WHJUa0JneEdSQndzRjdCLzNRR3pvNXJTb0MKQzFQR084blArTXNnT3p4NkVWTTdNTWZFMEFuci9IbExQL3NGd3dlZk5PSFhteDhtNjIyWkpsUFVCNStLeTU4dApld29zT3pQemRrYmNxeEc5SGVUQjVmWEczMzM4alNReThvRnRTMHZDd3Q2M2tUSldLWE1YSWN3cWxwelJyUVZJCjVqL3FwdXdkNmNTekorZFJUdzdCYVhBb2U5ci9IQnBRRlBSL0dXUEhuY2Nsd3U1T1gyUEM3aTRSWTRSQVI4RDQKYjVpNy8rN0R6dVcwCi0tLS0tRU5EIENFUlRJRklDQVRFLS0tLS0K",
              "cluster_endpoint": "https://E1E2A65ECFFFA42490FDE5CAB4B9ED87.gr7.eu-west-1.eks.amazonaws.com",
              "cluster_name": "my-eks-cluster",
              "cluster_service_cidr": "172.20.0.0/16",
              "cluster_version": "1.28"
            }
          },
          "sensitive_attributes": [],
          "dependencies": [
            "module.eks.module.eks.aws_cloudwatch_log_group.this",
            "module.eks.module.eks.aws_eks_cluster.this",
            "module.eks.module.eks.aws_iam_policy.cni_ipv6_policy",
            "module.eks.module.eks.aws_iam_role.eks_auto",
            "module.eks.module.eks.aws_iam_role.this",
            "module.eks.module.eks.aws_iam_role_policy_attachment.this",
            "module.eks.module.eks.aws_security_group.cluster",
            "module.eks.module.eks.aws_security_group.node",
            "module.eks.module.eks.aws_security_group_rule.cluster",
            "module.eks.module.eks.aws_security_group_rule.node",
            "module.eks.module.eks.data.aws_caller_identity.current",
            "module.eks.module.eks.data.aws_iam_policy_document.assume_role_policy",
            "module.eks.module.eks.data.aws_iam_policy_document.cni_ipv6_policy",
            "module.eks.module.eks.data.aws_iam_policy_document.node_assume_role_policy",
            "module.eks.module.eks.data.aws_iam_session_context.current",
            "module.eks.module.eks.data.aws_partition.current",
            "module.eks.module.eks.module.kms.aws_kms_external_key.this",
            "module.eks.module.eks.module.kms.aws_kms_key.this",
            "module.eks.module.eks.module.kms.aws_kms_replica_external_key.this",
            "module.eks.module.eks.module.kms.aws_kms_replica_key.this",
            "module.eks.module.eks.module.kms.data.aws_caller_identity.current",
            "module.eks.module.eks.module.kms.data.aws_iam_policy_document.this",
            "module.eks.module.eks.module.kms.data.aws_partition.current",
            "module.vpc.aws_subnet.private_subnets",
            "module.vpc.aws_vpc.eks_vpc"
          ],
          "create_before_destroy": true
        }
      ]
    },
    {
      "module": "module.eks.module.eks.module.eks_managed_node_group[\"eks_nodes\"]",
      "mode": "data",
      "type": "aws_caller_identity",
      "name": "current",
      "provider": "provider[\"registry.terraform.io/hashicorp/aws\"]",
      "instances": [
        {
          "schema_version": 0,
          "attributes": {
            "account_id": "302263058495",
            "arn": "arn:aws:iam::302263058495:user/MN",
            "id": "302263058495",
            "user_id": "AIDAUMYCIIA77D5EMC4TU"
          },
          "sensitive_attributes": []
        }
      ]
    },
    {
      "module": "module.eks.module.eks.module.eks_managed_node_group[\"eks_nodes\"]",
      "mode": "data",
      "type": "aws_iam_policy_document",
      "name": "assume_role_policy",
      "provider": "provider[\"registry.terraform.io/hashicorp/aws\"]",
      "instances": [
        {
          "index_key": 0,
          "schema_version": 0,
          "attributes": {
            "id": "2560088296",
            "json": "{\n  \"Version\": \"2012-10-17\",\n  \"Statement\": [\n    {\n      \"Sid\": \"EKSNodeAssumeRole\",\n      \"Effect\": \"Allow\",\n      \"Action\": \"sts:AssumeRole\",\n      \"Principal\": {\n        \"Service\": \"ec2.amazonaws.com\"\n      }\n    }\n  ]\n}",
            "minified_json": "{\"Version\":\"2012-10-17\",\"Statement\":[{\"Sid\":\"EKSNodeAssumeRole\",\"Effect\":\"Allow\",\"Action\":\"sts:AssumeRole\",\"Principal\":{\"Service\":\"ec2.amazonaws.com\"}}]}",
            "override_json": null,
            "override_policy_documents": null,
            "policy_id": null,
            "source_json": null,
            "source_policy_documents": null,
            "statement": [
              {
                "actions": [
                  "sts:AssumeRole"
                ],
                "condition": [],
                "effect": "Allow",
                "not_actions": [],
                "not_principals": [],
                "not_resources": [],
                "principals": [
                  {
                    "identifiers": [
                      "ec2.amazonaws.com"
                    ],
                    "type": "Service"
                  }
                ],
                "resources": [],
                "sid": "EKSNodeAssumeRole"
              }
            ],
            "version": "2012-10-17"
          },
          "sensitive_attributes": []
        }
      ]
    },
    {
      "module": "module.eks.module.eks.module.eks_managed_node_group[\"eks_nodes\"]",
      "mode": "data",
      "type": "aws_partition",
      "name": "current",
      "provider": "provider[\"registry.terraform.io/hashicorp/aws\"]",
      "instances": [
        {
          "schema_version": 0,
          "attributes": {
            "dns_suffix": "amazonaws.com",
            "id": "aws",
            "partition": "aws",
            "reverse_dns_prefix": "com.amazonaws"
          },
          "sensitive_attributes": []
        }
      ]
    },
    {
      "module": "module.eks.module.eks.module.eks_managed_node_group[\"eks_nodes\"]",
      "mode": "managed",
      "type": "aws_eks_node_group",
      "name": "this",
      "provider": "provider[\"registry.terraform.io/hashicorp/aws\"]",
      "instances": [
        {
          "index_key": 0,
          "schema_version": 0,
          "attributes": {
            "ami_type": "AL2_x86_64",
            "arn": "arn:aws:eks:eu-west-1:302263058495:nodegroup/my-eks-cluster/eks_nodes-20250323194513484600000013/5ecae244-dacd-263a-4941-b411e9712286",
            "capacity_type": "ON_DEMAND",
            "cluster_name": "my-eks-cluster",
            "disk_size": 0,
            "force_update_version": null,
            "id": "my-eks-cluster:eks_nodes-20250323194513484600000013",
            "instance_types": [
              "t3.medium"
            ],
            "labels": null,
            "launch_template": [
              {
                "id": "lt-0e4b43b8785c6cc23",
                "name": "eks_nodes-20250323194507167700000011",
                "version": "1"
              }
            ],
            "node_group_name": "eks_nodes-20250323194513484600000013",
            "node_group_name_prefix": "eks_nodes-",
            "node_repair_config": [],
            "node_role_arn": "arn:aws:iam::302263058495:role/eks_nodes-eks-node-group-20250323193516319300000003",
            "release_version": "1.28.15-20250317",
            "remote_access": [],
            "resources": [
              {
                "autoscaling_groups": [
                  {
                    "name": "eks-eks_nodes-20250323194513484600000013-5ecae244-dacd-263a-4941-b411e9712286"
                  }
                ],
                "remote_access_security_group_id": ""
              }
            ],
            "scaling_config": [
              {
                "desired_size": 2,
                "max_size": 3,
                "min_size": 1
              }
            ],
            "status": "ACTIVE",
            "subnet_ids": [
              "subnet-0e051cc97e9c2a3e3",
              "subnet-0faf07f635ed42b11"
            ],
            "tags": {
              "Name": "eks_nodes"
            },
            "tags_all": {
              "Name": "eks_nodes"
            },
            "taint": [],
            "timeouts": {
              "create": null,
              "delete": null,
              "update": null
            },
            "update_config": [
              {
                "max_unavailable": 0,
                "max_unavailable_percentage": 33
              }
            ],
            "version": "1.28"
          },
          "sensitive_attributes": [],
          "private": "eyJlMmJmYjczMC1lY2FhLTExZTYtOGY4OC0zNDM2M2JjN2M0YzAiOnsiY3JlYXRlIjozNjAwMDAwMDAwMDAwLCJkZWxldGUiOjM2MDAwMDAwMDAwMDAsInVwZGF0ZSI6MzYwMDAwMDAwMDAwMH19",
          "dependencies": [
            "module.eks.module.eks.aws_cloudwatch_log_group.this",
            "module.eks.module.eks.aws_eks_cluster.this",
            "module.eks.module.eks.aws_iam_policy.cni_ipv6_policy",
            "module.eks.module.eks.aws_iam_role.eks_auto",
            "module.eks.module.eks.aws_iam_role.this",
            "module.eks.module.eks.aws_iam_role_policy_attachment.this",
            "module.eks.module.eks.aws_security_group.cluster",
            "module.eks.module.eks.aws_security_group.node",
            "module.eks.module.eks.aws_security_group_rule.cluster",
            "module.eks.module.eks.aws_security_group_rule.node",
            "module.eks.module.eks.data.aws_caller_identity.current",
            "module.eks.module.eks.data.aws_iam_policy_document.assume_role_policy",
            "module.eks.module.eks.data.aws_iam_policy_document.cni_ipv6_policy",
            "module.eks.module.eks.data.aws_iam_policy_document.node_assume_role_policy",
            "module.eks.module.eks.data.aws_iam_session_context.current",
            "module.eks.module.eks.data.aws_partition.current",
            "module.eks.module.eks.module.eks_managed_node_group.aws_iam_role.this",
            "module.eks.module.eks.module.eks_managed_node_group.aws_iam_role_policy_attachment.additional",
            "module.eks.module.eks.module.eks_managed_node_group.aws_iam_role_policy_attachment.this",
            "module.eks.module.eks.module.eks_managed_node_group.aws_launch_template.this",
            "module.eks.module.eks.module.eks_managed_node_group.aws_placement_group.this",
            "module.eks.module.eks.module.eks_managed_node_group.data.aws_caller_identity.current",
            "module.eks.module.eks.module.eks_managed_node_group.data.aws_ec2_instance_type.this",
            "module.eks.module.eks.module.eks_managed_node_group.data.aws_ec2_instance_type_offerings.this",
            "module.eks.module.eks.module.eks_managed_node_group.data.aws_iam_policy_document.assume_role_policy",
            "module.eks.module.eks.module.eks_managed_node_group.data.aws_partition.current",
            "module.eks.module.eks.module.eks_managed_node_group.data.aws_ssm_parameter.ami",
            "module.eks.module.eks.module.eks_managed_node_group.data.aws_subnets.placement_group",
            "module.eks.module.eks.module.eks_managed_node_group.module.user_data.data.cloudinit_config.al2023_eks_managed_node_group",
            "module.eks.module.eks.module.eks_managed_node_group.module.user_data.data.cloudinit_config.linux_eks_managed_node_group",
            "module.eks.module.eks.module.kms.aws_kms_external_key.this",
            "module.eks.module.eks.module.kms.aws_kms_key.this",
            "module.eks.module.eks.module.kms.aws_kms_replica_external_key.this",
            "module.eks.module.eks.module.kms.aws_kms_replica_key.this",
            "module.eks.module.eks.module.kms.data.aws_caller_identity.current",
            "module.eks.module.eks.module.kms.data.aws_iam_policy_document.this",
            "module.eks.module.eks.module.kms.data.aws_partition.current",
            "module.eks.module.eks.time_sleep.this",
            "module.vpc.aws_subnet.private_subnets",
            "module.vpc.aws_vpc.eks_vpc"
          ],
          "create_before_destroy": true
        }
      ]
    },
    {
      "module": "module.eks.module.eks.module.eks_managed_node_group[\"eks_nodes\"]",
      "mode": "managed",
      "type": "aws_iam_role",
      "name": "this",
      "provider": "provider[\"registry.terraform.io/hashicorp/aws\"]",
      "instances": [
        {
          "index_key": 0,
          "schema_version": 0,
          "attributes": {
            "arn": "arn:aws:iam::302263058495:role/eks_nodes-eks-node-group-20250323193516319300000003",
            "assume_role_policy": "{\"Statement\":[{\"Action\":\"sts:AssumeRole\",\"Effect\":\"Allow\",\"Principal\":{\"Service\":\"ec2.amazonaws.com\"},\"Sid\":\"EKSNodeAssumeRole\"}],\"Version\":\"2012-10-17\"}",
            "create_date": "2025-03-23T19:35:17Z",
            "description": "EKS managed node group IAM role",
            "force_detach_policies": true,
            "id": "eks_nodes-eks-node-group-20250323193516319300000003",
            "inline_policy": [],
            "managed_policy_arns": [],
            "max_session_duration": 3600,
            "name": "eks_nodes-eks-node-group-20250323193516319300000003",
            "name_prefix": "eks_nodes-eks-node-group-",
            "path": "/",
            "permissions_boundary": "",
            "tags": null,
            "tags_all": {},
            "unique_id": "AROAUMYCIIA7QAGYJ6HLG"
          },
          "sensitive_attributes": [],
          "private": "bnVsbA==",
          "dependencies": [
            "module.eks.module.eks.module.eks_managed_node_group.data.aws_iam_policy_document.assume_role_policy"
          ],
          "create_before_destroy": true
        }
      ]
    },
    {
      "module": "module.eks.module.eks.module.eks_managed_node_group[\"eks_nodes\"]",
      "mode": "managed",
      "type": "aws_iam_role_policy_attachment",
      "name": "this",
      "provider": "provider[\"registry.terraform.io/hashicorp/aws\"]",
      "instances": [
        {
          "index_key": "AmazonEC2ContainerRegistryReadOnly",
          "schema_version": 0,
          "attributes": {
            "id": "eks_nodes-eks-node-group-20250323193516319300000003-20250323193517914200000006",
            "policy_arn": "arn:aws:iam::aws:policy/AmazonEC2ContainerRegistryReadOnly",
            "role": "eks_nodes-eks-node-group-20250323193516319300000003"
          },
          "sensitive_attributes": [],
          "private": "bnVsbA==",
          "dependencies": [
            "module.eks.module.eks.module.eks_managed_node_group.aws_iam_role.this",
            "module.eks.module.eks.module.eks_managed_node_group.data.aws_caller_identity.current",
            "module.eks.module.eks.module.eks_managed_node_group.data.aws_iam_policy_document.assume_role_policy",
            "module.eks.module.eks.module.eks_managed_node_group.data.aws_partition.current"
          ],
          "create_before_destroy": true
        },
        {
          "index_key": "AmazonEKSWorkerNodePolicy",
          "schema_version": 0,
          "attributes": {
            "id": "eks_nodes-eks-node-group-20250323193516319300000003-20250323193517828500000005",
            "policy_arn": "arn:aws:iam::aws:policy/AmazonEKSWorkerNodePolicy",
            "role": "eks_nodes-eks-node-group-20250323193516319300000003"
          },
          "sensitive_attributes": [],
          "private": "bnVsbA==",
          "dependencies": [
            "module.eks.module.eks.module.eks_managed_node_group.aws_iam_role.this",
            "module.eks.module.eks.module.eks_managed_node_group.data.aws_caller_identity.current",
            "module.eks.module.eks.module.eks_managed_node_group.data.aws_iam_policy_document.assume_role_policy",
            "module.eks.module.eks.module.eks_managed_node_group.data.aws_partition.current"
          ],
          "create_before_destroy": true
        },
        {
          "index_key": "AmazonEKS_CNI_Policy",
          "schema_version": 0,
          "attributes": {
            "id": "eks_nodes-eks-node-group-20250323193516319300000003-20250323193517826300000004",
            "policy_arn": "arn:aws:iam::aws:policy/AmazonEKS_CNI_Policy",
            "role": "eks_nodes-eks-node-group-20250323193516319300000003"
          },
          "sensitive_attributes": [],
          "private": "bnVsbA==",
          "dependencies": [
            "module.eks.module.eks.module.eks_managed_node_group.aws_iam_role.this",
            "module.eks.module.eks.module.eks_managed_node_group.data.aws_caller_identity.current",
            "module.eks.module.eks.module.eks_managed_node_group.data.aws_iam_policy_document.assume_role_policy",
            "module.eks.module.eks.module.eks_managed_node_group.data.aws_partition.current"
          ],
          "create_before_destroy": true
        }
      ]
    },
    {
      "module": "module.eks.module.eks.module.eks_managed_node_group[\"eks_nodes\"]",
      "mode": "managed",
      "type": "aws_launch_template",
      "name": "this",
      "provider": "provider[\"registry.terraform.io/hashicorp/aws\"]",
      "instances": [
        {
          "index_key": 0,
          "schema_version": 0,
          "attributes": {
            "arn": "arn:aws:ec2:eu-west-1:302263058495:launch-template/lt-0e4b43b8785c6cc23",
            "block_device_mappings": [],
            "capacity_reservation_specification": [],
            "cpu_options": [],
            "credit_specification": [],
            "default_version": 1,
            "description": "Custom launch template for eks_nodes EKS managed node group",
            "disable_api_stop": false,
            "disable_api_termination": false,
            "ebs_optimized": "",
            "elastic_gpu_specifications": [],
            "elastic_inference_accelerator": [],
            "enclave_options": [],
            "hibernation_options": [],
            "iam_instance_profile": [],
            "id": "lt-0e4b43b8785c6cc23",
            "image_id": "",
            "instance_initiated_shutdown_behavior": "",
            "instance_market_options": [],
            "instance_requirements": [],
            "instance_type": "",
            "kernel_id": "",
            "key_name": "",
            "latest_version": 1,
            "license_specification": [],
            "maintenance_options": [],
            "metadata_options": [
              {
                "http_endpoint": "enabled",
                "http_protocol_ipv6": "",
                "http_put_response_hop_limit": 2,
                "http_tokens": "required",
                "instance_metadata_tags": ""
              }
            ],
            "monitoring": [
              {
                "enabled": true
              }
            ],
            "name": "eks_nodes-20250323194507167700000011",
            "name_prefix": "eks_nodes-",
            "network_interfaces": [],
            "placement": [],
            "private_dns_name_options": [],
            "ram_disk_id": "",
            "security_group_names": null,
            "tag_specifications": [
              {
                "resource_type": "instance",
                "tags": {
                  "Name": "eks_nodes"
                }
              },
              {
                "resource_type": "network-interface",
                "tags": {
                  "Name": "eks_nodes"
                }
              },
              {
                "resource_type": "volume",
                "tags": {
                  "Name": "eks_nodes"
                }
              }
            ],
            "tags": null,
            "tags_all": {},
            "update_default_version": true,
            "user_data": "",
            "vpc_security_group_ids": [
              "sg-008cdfe06e41cc7a5"
            ]
          },
          "sensitive_attributes": [],
          "private": "bnVsbA==",
          "dependencies": [
            "module.eks.module.eks.aws_cloudwatch_log_group.this",
            "module.eks.module.eks.aws_eks_cluster.this",
            "module.eks.module.eks.aws_iam_policy.cni_ipv6_policy",
            "module.eks.module.eks.aws_iam_role.eks_auto",
            "module.eks.module.eks.aws_iam_role.this",
            "module.eks.module.eks.aws_iam_role_policy_attachment.this",
            "module.eks.module.eks.aws_security_group.cluster",
            "module.eks.module.eks.aws_security_group.node",
            "module.eks.module.eks.aws_security_group_rule.cluster",
            "module.eks.module.eks.aws_security_group_rule.node",
            "module.eks.module.eks.data.aws_caller_identity.current",
            "module.eks.module.eks.data.aws_iam_policy_document.assume_role_policy",
            "module.eks.module.eks.data.aws_iam_policy_document.cni_ipv6_policy",
            "module.eks.module.eks.data.aws_iam_policy_document.node_assume_role_policy",
            "module.eks.module.eks.data.aws_iam_session_context.current",
            "module.eks.module.eks.data.aws_partition.current",
            "module.eks.module.eks.module.eks_managed_node_group.aws_iam_role.this",
            "module.eks.module.eks.module.eks_managed_node_group.aws_iam_role_policy_attachment.additional",
            "module.eks.module.eks.module.eks_managed_node_group.aws_iam_role_policy_attachment.this",
            "module.eks.module.eks.module.eks_managed_node_group.aws_placement_group.this",
            "module.eks.module.eks.module.eks_managed_node_group.data.aws_caller_identity.current",
            "module.eks.module.eks.module.eks_managed_node_group.data.aws_ec2_instance_type.this",
            "module.eks.module.eks.module.eks_managed_node_group.data.aws_iam_policy_document.assume_role_policy",
            "module.eks.module.eks.module.eks_managed_node_group.data.aws_partition.current",
            "module.eks.module.eks.module.eks_managed_node_group.module.user_data.data.cloudinit_config.al2023_eks_managed_node_group",
            "module.eks.module.eks.module.eks_managed_node_group.module.user_data.data.cloudinit_config.linux_eks_managed_node_group",
            "module.eks.module.eks.module.kms.aws_kms_external_key.this",
            "module.eks.module.eks.module.kms.aws_kms_key.this",
            "module.eks.module.eks.module.kms.aws_kms_replica_external_key.this",
            "module.eks.module.eks.module.kms.aws_kms_replica_key.this",
            "module.eks.module.eks.module.kms.data.aws_caller_identity.current",
            "module.eks.module.eks.module.kms.data.aws_iam_policy_document.this",
            "module.eks.module.eks.module.kms.data.aws_partition.current",
            "module.eks.module.eks.time_sleep.this",
            "module.vpc.aws_subnet.private_subnets",
            "module.vpc.aws_vpc.eks_vpc"
          ],
          "create_before_destroy": true
        }
      ]
    },
    {
      "module": "module.eks.module.eks.module.eks_managed_node_group[\"eks_nodes\"].module.user_data",
      "mode": "managed",
      "type": "null_resource",
      "name": "validate_cluster_service_cidr",
      "provider": "provider[\"registry.terraform.io/hashicorp/null\"]",
      "instances": [
        {
          "schema_version": 0,
          "attributes": {
            "id": "192811538883544284",
            "triggers": null
          },
          "sensitive_attributes": [],
          "dependencies": [
            "module.eks.module.eks.aws_cloudwatch_log_group.this",
            "module.eks.module.eks.aws_eks_cluster.this",
            "module.eks.module.eks.aws_iam_policy.cni_ipv6_policy",
            "module.eks.module.eks.aws_iam_role.eks_auto",
            "module.eks.module.eks.aws_iam_role.this",
            "module.eks.module.eks.aws_iam_role_policy_attachment.this",
            "module.eks.module.eks.aws_security_group.cluster",
            "module.eks.module.eks.aws_security_group.node",
            "module.eks.module.eks.aws_security_group_rule.cluster",
            "module.eks.module.eks.aws_security_group_rule.node",
            "module.eks.module.eks.data.aws_caller_identity.current",
            "module.eks.module.eks.data.aws_iam_policy_document.assume_role_policy",
            "module.eks.module.eks.data.aws_iam_policy_document.cni_ipv6_policy",
            "module.eks.module.eks.data.aws_iam_policy_document.node_assume_role_policy",
            "module.eks.module.eks.data.aws_iam_session_context.current",
            "module.eks.module.eks.data.aws_partition.current",
            "module.eks.module.eks.module.kms.aws_kms_external_key.this",
            "module.eks.module.eks.module.kms.aws_kms_key.this",
            "module.eks.module.eks.module.kms.aws_kms_replica_external_key.this",
            "module.eks.module.eks.module.kms.aws_kms_replica_key.this",
            "module.eks.module.eks.module.kms.data.aws_caller_identity.current",
            "module.eks.module.eks.module.kms.data.aws_iam_policy_document.this",
            "module.eks.module.eks.module.kms.data.aws_partition.current",
            "module.eks.module.eks.time_sleep.this",
            "module.vpc.aws_subnet.private_subnets",
            "module.vpc.aws_vpc.eks_vpc"
          ]
        }
      ]
    },
    {
      "module": "module.eks.module.eks.module.kms",
      "mode": "data",
      "type": "aws_caller_identity",
      "name": "current",
      "provider": "provider[\"registry.terraform.io/hashicorp/aws\"]",
      "instances": [
        {
          "index_key": 0,
          "schema_version": 0,
          "attributes": {
            "account_id": "302263058495",
            "arn": "arn:aws:iam::302263058495:user/MN",
            "id": "302263058495",
            "user_id": "AIDAUMYCIIA77D5EMC4TU"
          },
          "sensitive_attributes": []
        }
      ]
    },
    {
      "module": "module.eks.module.eks.module.kms",
      "mode": "data",
      "type": "aws_iam_policy_document",
      "name": "this",
      "provider": "provider[\"registry.terraform.io/hashicorp/aws\"]",
      "instances": [
        {
          "index_key": 0,
          "schema_version": 0,
          "attributes": {
            "id": "3924998981",
            "json": "{\n  \"Version\": \"2012-10-17\",\n  \"Statement\": [\n    {\n      \"Sid\": \"Default\",\n      \"Effect\": \"Allow\",\n      \"Action\": \"kms:*\",\n      \"Resource\": \"*\",\n      \"Principal\": {\n        \"AWS\": \"arn:aws:iam::302263058495:root\"\n      }\n    },\n    {\n      \"Sid\": \"KeyAdministration\",\n      \"Effect\": \"Allow\",\n      \"Action\": [\n        \"kms:Update*\",\n        \"kms:UntagResource\",\n        \"kms:TagResource\",\n        \"kms:ScheduleKeyDeletion\",\n        \"kms:Revoke*\",\n        \"kms:ReplicateKey\",\n        \"kms:Put*\",\n        \"kms:List*\",\n        \"kms:ImportKeyMaterial\",\n        \"kms:Get*\",\n        \"kms:Enable*\",\n        \"kms:Disable*\",\n        \"kms:Describe*\",\n        \"kms:Delete*\",\n        \"kms:Create*\",\n        \"kms:CancelKeyDeletion\"\n      ],\n      \"Resource\": \"*\",\n      \"Principal\": {\n        \"AWS\": \"arn:aws:iam::302263058495:user/MN\"\n      }\n    },\n    {\n      \"Sid\": \"KeyUsage\",\n      \"Effect\": \"Allow\",\n      \"Action\": [\n        \"kms:ReEncrypt*\",\n        \"kms:GenerateDataKey*\",\n        \"kms:Encrypt\",\n        \"kms:DescribeKey\",\n        \"kms:Decrypt\"\n      ],\n      \"Resource\": \"*\",\n      \"Principal\": {\n        \"AWS\": \"arn:aws:iam::302263058495:role/my-eks-cluster-cluster-20250323193516318200000002\"\n      }\n    }\n  ]\n}",
            "minified_json": "{\"Version\":\"2012-10-17\",\"Statement\":[{\"Sid\":\"Default\",\"Effect\":\"Allow\",\"Action\":\"kms:*\",\"Resource\":\"*\",\"Principal\":{\"AWS\":\"arn:aws:iam::302263058495:root\"}},{\"Sid\":\"KeyAdministration\",\"Effect\":\"Allow\",\"Action\":[\"kms:Update*\",\"kms:UntagResource\",\"kms:TagResource\",\"kms:ScheduleKeyDeletion\",\"kms:Revoke*\",\"kms:ReplicateKey\",\"kms:Put*\",\"kms:List*\",\"kms:ImportKeyMaterial\",\"kms:Get*\",\"kms:Enable*\",\"kms:Disable*\",\"kms:Describe*\",\"kms:Delete*\",\"kms:Create*\",\"kms:CancelKeyDeletion\"],\"Resource\":\"*\",\"Principal\":{\"AWS\":\"arn:aws:iam::302263058495:user/MN\"}},{\"Sid\":\"KeyUsage\",\"Effect\":\"Allow\",\"Action\":[\"kms:ReEncrypt*\",\"kms:GenerateDataKey*\",\"kms:Encrypt\",\"kms:DescribeKey\",\"kms:Decrypt\"],\"Resource\":\"*\",\"Principal\":{\"AWS\":\"arn:aws:iam::302263058495:role/my-eks-cluster-cluster-20250323193516318200000002\"}}]}",
            "override_json": null,
            "override_policy_documents": null,
            "policy_id": null,
            "source_json": null,
            "source_policy_documents": null,
            "statement": [
              {
                "actions": [
                  "kms:*"
                ],
                "condition": [],
                "effect": "Allow",
                "not_actions": [],
                "not_principals": [],
                "not_resources": [],
                "principals": [
                  {
                    "identifiers": [
                      "arn:aws:iam::302263058495:root"
                    ],
                    "type": "AWS"
                  }
                ],
                "resources": [
                  "*"
                ],
                "sid": "Default"
              },
              {
                "actions": [
                  "kms:CancelKeyDeletion",
                  "kms:Create*",
                  "kms:Delete*",
                  "kms:Describe*",
                  "kms:Disable*",
                  "kms:Enable*",
                  "kms:Get*",
                  "kms:ImportKeyMaterial",
                  "kms:List*",
                  "kms:Put*",
                  "kms:ReplicateKey",
                  "kms:Revoke*",
                  "kms:ScheduleKeyDeletion",
                  "kms:TagResource",
                  "kms:UntagResource",
                  "kms:Update*"
                ],
                "condition": [],
                "effect": "Allow",
                "not_actions": [],
                "not_principals": [],
                "not_resources": [],
                "principals": [
                  {
                    "identifiers": [
                      "arn:aws:iam::302263058495:user/MN"
                    ],
                    "type": "AWS"
                  }
                ],
                "resources": [
                  "*"
                ],
                "sid": "KeyAdministration"
              },
              {
                "actions": [
                  "kms:Decrypt",
                  "kms:DescribeKey",
                  "kms:Encrypt",
                  "kms:GenerateDataKey*",
                  "kms:ReEncrypt*"
                ],
                "condition": [],
                "effect": "Allow",
                "not_actions": [],
                "not_principals": [],
                "not_resources": [],
                "principals": [
                  {
                    "identifiers": [
                      "arn:aws:iam::302263058495:role/my-eks-cluster-cluster-20250323193516318200000002"
                    ],
                    "type": "AWS"
                  }
                ],
                "resources": [
                  "*"
                ],
                "sid": "KeyUsage"
              }
            ],
            "version": "2012-10-17"
          },
          "sensitive_attributes": []
        }
      ]
    },
    {
      "module": "module.eks.module.eks.module.kms",
      "mode": "data",
      "type": "aws_partition",
      "name": "current",
      "provider": "provider[\"registry.terraform.io/hashicorp/aws\"]",
      "instances": [
        {
          "index_key": 0,
          "schema_version": 0,
          "attributes": {
            "dns_suffix": "amazonaws.com",
            "id": "aws",
            "partition": "aws",
            "reverse_dns_prefix": "com.amazonaws"
          },
          "sensitive_attributes": []
        }
      ]
    },
    {
      "module": "module.eks.module.eks.module.kms",
      "mode": "managed",
      "type": "aws_kms_alias",
      "name": "this",
      "provider": "provider[\"registry.terraform.io/hashicorp/aws\"]",
      "instances": [
        {
          "index_key": "cluster",
          "schema_version": 0,
          "attributes": {
            "arn": "arn:aws:kms:eu-west-1:302263058495:alias/eks/my-eks-cluster",
            "id": "alias/eks/my-eks-cluster",
            "name": "alias/eks/my-eks-cluster",
            "name_prefix": "",
            "target_key_arn": "arn:aws:kms:eu-west-1:302263058495:key/a77ebbc7-b39f-40c4-ba42-8bb20e08b94d",
            "target_key_id": "a77ebbc7-b39f-40c4-ba42-8bb20e08b94d"
          },
          "sensitive_attributes": [],
          "private": "bnVsbA==",
          "dependencies": [
            "module.eks.module.eks.aws_iam_role.this",
            "module.eks.module.eks.data.aws_caller_identity.current",
            "module.eks.module.eks.data.aws_iam_policy_document.assume_role_policy",
            "module.eks.module.eks.data.aws_iam_session_context.current",
            "module.eks.module.eks.module.kms.aws_kms_external_key.this",
            "module.eks.module.eks.module.kms.aws_kms_key.this",
            "module.eks.module.eks.module.kms.aws_kms_replica_external_key.this",
            "module.eks.module.eks.module.kms.aws_kms_replica_key.this",
            "module.eks.module.eks.module.kms.data.aws_caller_identity.current",
            "module.eks.module.eks.module.kms.data.aws_iam_policy_document.this",
            "module.eks.module.eks.module.kms.data.aws_partition.current"
          ]
        }
      ]
    },
    {
      "module": "module.eks.module.eks.module.kms",
      "mode": "managed",
      "type": "aws_kms_key",
      "name": "this",
      "provider": "provider[\"registry.terraform.io/hashicorp/aws\"]",
      "instances": [
        {
          "index_key": 0,
          "schema_version": 0,
          "attributes": {
            "arn": "arn:aws:kms:eu-west-1:302263058495:key/a77ebbc7-b39f-40c4-ba42-8bb20e08b94d",
            "bypass_policy_lockout_safety_check": false,
            "custom_key_store_id": "",
            "customer_master_key_spec": "SYMMETRIC_DEFAULT",
            "deletion_window_in_days": null,
            "description": "my-eks-cluster cluster encryption key",
            "enable_key_rotation": true,
            "id": "a77ebbc7-b39f-40c4-ba42-8bb20e08b94d",
            "is_enabled": true,
            "key_id": "a77ebbc7-b39f-40c4-ba42-8bb20e08b94d",
            "key_usage": "ENCRYPT_DECRYPT",
            "multi_region": false,
            "policy": "{\"Statement\":[{\"Action\":\"kms:*\",\"Effect\":\"Allow\",\"Principal\":{\"AWS\":\"arn:aws:iam::302263058495:root\"},\"Resource\":\"*\",\"Sid\":\"Default\"},{\"Action\":[\"kms:Update*\",\"kms:UntagResource\",\"kms:TagResource\",\"kms:ScheduleKeyDeletion\",\"kms:Revoke*\",\"kms:ReplicateKey\",\"kms:Put*\",\"kms:List*\",\"kms:ImportKeyMaterial\",\"kms:Get*\",\"kms:Enable*\",\"kms:Disable*\",\"kms:Describe*\",\"kms:Delete*\",\"kms:Create*\",\"kms:CancelKeyDeletion\"],\"Effect\":\"Allow\",\"Principal\":{\"AWS\":\"arn:aws:iam::302263058495:user/MN\"},\"Resource\":\"*\",\"Sid\":\"KeyAdministration\"},{\"Action\":[\"kms:ReEncrypt*\",\"kms:GenerateDataKey*\",\"kms:Encrypt\",\"kms:DescribeKey\",\"kms:Decrypt\"],\"Effect\":\"Allow\",\"Principal\":{\"AWS\":\"arn:aws:iam::302263058495:role/my-eks-cluster-cluster-20250323193516318200000002\"},\"Resource\":\"*\",\"Sid\":\"KeyUsage\"}],\"Version\":\"2012-10-17\"}",
            "rotation_period_in_days": 365,
            "tags": {
              "terraform-aws-modules": "eks"
            },
            "tags_all": {
              "terraform-aws-modules": "eks"
            },
            "timeouts": null,
            "xks_key_id": ""
          },
          "sensitive_attributes": [],
          "private": "eyJlMmJmYjczMC1lY2FhLTExZTYtOGY4OC0zNDM2M2JjN2M0YzAiOnsiY3JlYXRlIjoxMjAwMDAwMDAwMDB9fQ==",
          "dependencies": [
            "module.eks.module.eks.aws_iam_role.this",
            "module.eks.module.eks.data.aws_caller_identity.current",
            "module.eks.module.eks.data.aws_iam_policy_document.assume_role_policy",
            "module.eks.module.eks.data.aws_iam_session_context.current",
            "module.eks.module.eks.module.kms.data.aws_caller_identity.current",
            "module.eks.module.eks.module.kms.data.aws_iam_policy_document.this",
            "module.eks.module.eks.module.kms.data.aws_partition.current"
          ],
          "create_before_destroy": true
        }
      ]
    },
    {
      "module": "module.vpc",
      "mode": "managed",
      "type": "aws_eip",
      "name": "nat",
      "provider": "provider[\"registry.terraform.io/hashicorp/aws\"]",
      "instances": [
        {
          "schema_version": 0,
          "attributes": {
            "address": null,
            "allocation_id": "eipalloc-0ef3ef47653527864",
            "arn": "arn:aws:ec2:eu-west-1:302263058495:elastic-ip/eipalloc-0ef3ef47653527864",
            "associate_with_private_ip": null,
            "association_id": "",
            "carrier_ip": "",
            "customer_owned_ip": "",
            "customer_owned_ipv4_pool": "",
            "domain": "vpc",
            "id": "eipalloc-0ef3ef47653527864",
            "instance": "",
            "ipam_pool_id": null,
            "network_border_group": "eu-west-1",
            "network_interface": "",
            "private_dns": null,
            "private_ip": "",
            "ptr_record": "",
            "public_dns": "ec2-63-32-175-119.eu-west-1.compute.amazonaws.com",
            "public_ip": "63.32.175.119",
            "public_ipv4_pool": "amazon",
            "tags": null,
            "tags_all": {},
            "timeouts": null,
            "vpc": true
          },
          "sensitive_attributes": [],
          "private": "eyJlMmJmYjczMC1lY2FhLTExZTYtOGY4OC0zNDM2M2JjN2M0YzAiOnsiZGVsZXRlIjoxODAwMDAwMDAwMDAsInJlYWQiOjkwMDAwMDAwMDAwMCwidXBkYXRlIjozMDAwMDAwMDAwMDB9fQ=="
        }
      ]
    },
    {
      "module": "module.vpc",
      "mode": "managed",
      "type": "aws_internet_gateway",
      "name": "igw",
      "provider": "provider[\"registry.terraform.io/hashicorp/aws\"]",
      "instances": [
        {
          "schema_version": 0,
          "attributes": {
            "arn": "arn:aws:ec2:eu-west-1:302263058495:internet-gateway/igw-06eab0588bbf45f4f",
            "id": "igw-06eab0588bbf45f4f",
            "owner_id": "302263058495",
            "tags": {
              "Name": "eks-igw"
            },
            "tags_all": {
              "Name": "eks-igw"
            },
            "timeouts": null,
            "vpc_id": "vpc-0462c516b672696be"
          },
          "sensitive_attributes": [],
          "private": "eyJlMmJmYjczMC1lY2FhLTExZTYtOGY4OC0zNDM2M2JjN2M0YzAiOnsiY3JlYXRlIjoxMjAwMDAwMDAwMDAwLCJkZWxldGUiOjEyMDAwMDAwMDAwMDAsInVwZGF0ZSI6MTIwMDAwMDAwMDAwMH19",
          "dependencies": [
            "module.vpc.aws_vpc.eks_vpc"
          ]
        }
      ]
    },
    {
      "module": "module.vpc",
      "mode": "managed",
      "type": "aws_nat_gateway",
      "name": "nat",
      "provider": "provider[\"registry.terraform.io/hashicorp/aws\"]",
      "instances": [
        {
          "schema_version": 0,
          "attributes": {
            "allocation_id": "eipalloc-0ef3ef47653527864",
            "association_id": "eipassoc-002e987ccc65f057f",
            "connectivity_type": "public",
            "id": "nat-0fcf5ada273deeea9",
            "network_interface_id": "eni-0d92106b32b9b19f2",
            "private_ip": "10.0.1.237",
            "public_ip": "63.32.175.119",
            "secondary_allocation_ids": null,
            "secondary_private_ip_address_count": 0,
            "secondary_private_ip_addresses": [],
            "subnet_id": "subnet-0042d9d90eac31e4b",
            "tags": {
              "Name": "nat-gateway"
            },
            "tags_all": {
              "Name": "nat-gateway"
            },
            "timeouts": null
          },
          "sensitive_attributes": [],
          "private": "eyJlMmJmYjczMC1lY2FhLTExZTYtOGY4OC0zNDM2M2JjN2M0YzAiOnsiY3JlYXRlIjo2MDAwMDAwMDAwMDAsImRlbGV0ZSI6MTgwMDAwMDAwMDAwMCwidXBkYXRlIjo2MDAwMDAwMDAwMDB9fQ==",
          "dependencies": [
            "module.vpc.aws_eip.nat",
            "module.vpc.aws_internet_gateway.igw",
            "module.vpc.aws_subnet.public_subnets",
            "module.vpc.aws_vpc.eks_vpc"
          ]
        }
      ]
    },
    {
      "module": "module.vpc",
      "mode": "managed",
      "type": "aws_route",
      "name": "private_nat_gateway",
      "provider": "provider[\"registry.terraform.io/hashicorp/aws\"]",
      "instances": [
        {
          "schema_version": 0,
          "attributes": {
            "carrier_gateway_id": "",
            "core_network_arn": "",
            "destination_cidr_block": "0.0.0.0/0",
            "destination_ipv6_cidr_block": "",
            "destination_prefix_list_id": "",
            "egress_only_gateway_id": "",
            "gateway_id": "",
            "id": "r-rtb-0d241d6257a02c8121080289494",
            "instance_id": "",
            "instance_owner_id": "",
            "local_gateway_id": "",
            "nat_gateway_id": "nat-0fcf5ada273deeea9",
            "network_interface_id": "",
            "origin": "CreateRoute",
            "route_table_id": "rtb-0d241d6257a02c812",
            "state": "active",
            "timeouts": null,
            "transit_gateway_id": "",
            "vpc_endpoint_id": "",
            "vpc_peering_connection_id": ""
          },
          "sensitive_attributes": [],
          "private": "eyJlMmJmYjczMC1lY2FhLTExZTYtOGY4OC0zNDM2M2JjN2M0YzAiOnsiY3JlYXRlIjozMDAwMDAwMDAwMDAsImRlbGV0ZSI6MzAwMDAwMDAwMDAwLCJ1cGRhdGUiOjEyMDAwMDAwMDAwMH19",
          "dependencies": [
            "module.vpc.aws_eip.nat",
            "module.vpc.aws_internet_gateway.igw",
            "module.vpc.aws_nat_gateway.nat",
            "module.vpc.aws_route_table.private_rt",
            "module.vpc.aws_subnet.public_subnets",
            "module.vpc.aws_vpc.eks_vpc"
          ]
        }
      ]
    },
    {
      "module": "module.vpc",
      "mode": "managed",
      "type": "aws_route_table",
      "name": "private_rt",
      "provider": "provider[\"registry.terraform.io/hashicorp/aws\"]",
      "instances": [
        {
          "schema_version": 0,
          "attributes": {
            "arn": "arn:aws:ec2:eu-west-1:302263058495:route-table/rtb-0d241d6257a02c812",
            "id": "rtb-0d241d6257a02c812",
            "owner_id": "302263058495",
            "propagating_vgws": [],
            "route": [],
            "tags": null,
            "tags_all": {},
            "timeouts": null,
            "vpc_id": "vpc-0462c516b672696be"
          },
          "sensitive_attributes": [],
          "private": "eyJlMmJmYjczMC1lY2FhLTExZTYtOGY4OC0zNDM2M2JjN2M0YzAiOnsiY3JlYXRlIjozMDAwMDAwMDAwMDAsImRlbGV0ZSI6MzAwMDAwMDAwMDAwLCJ1cGRhdGUiOjEyMDAwMDAwMDAwMH19",
          "dependencies": [
            "module.vpc.aws_vpc.eks_vpc"
          ]
        }
      ]
    },
    {
      "module": "module.vpc",
      "mode": "managed",
      "type": "aws_route_table",
      "name": "public_rt",
      "provider": "provider[\"registry.terraform.io/hashicorp/aws\"]",
      "instances": [
        {
          "schema_version": 0,
          "attributes": {
            "arn": "arn:aws:ec2:eu-west-1:302263058495:route-table/rtb-0f86ab220513fbd8f",
            "id": "rtb-0f86ab220513fbd8f",
            "owner_id": "302263058495",
            "propagating_vgws": [],
            "route": [
              {
                "carrier_gateway_id": "",
                "cidr_block": "0.0.0.0/0",
                "core_network_arn": "",
                "destination_prefix_list_id": "",
                "egress_only_gateway_id": "",
                "gateway_id": "igw-06eab0588bbf45f4f",
                "ipv6_cidr_block": "",
                "local_gateway_id": "",
                "nat_gateway_id": "",
                "network_interface_id": "",
                "transit_gateway_id": "",
                "vpc_endpoint_id": "",
                "vpc_peering_connection_id": ""
              }
            ],
            "tags": {
              "Name": "public-route-table"
            },
            "tags_all": {
              "Name": "public-route-table"
            },
            "timeouts": null,
            "vpc_id": "vpc-0462c516b672696be"
          },
          "sensitive_attributes": [],
          "private": "eyJlMmJmYjczMC1lY2FhLTExZTYtOGY4OC0zNDM2M2JjN2M0YzAiOnsiY3JlYXRlIjozMDAwMDAwMDAwMDAsImRlbGV0ZSI6MzAwMDAwMDAwMDAwLCJ1cGRhdGUiOjEyMDAwMDAwMDAwMH19",
          "dependencies": [
            "module.vpc.aws_internet_gateway.igw",
            "module.vpc.aws_vpc.eks_vpc"
          ]
        }
      ]
    },
    {
      "module": "module.vpc",
      "mode": "managed",
      "type": "aws_route_table_association",
      "name": "private",
      "provider": "provider[\"registry.terraform.io/hashicorp/aws\"]",
      "instances": [
        {
          "index_key": 0,
          "schema_version": 0,
          "attributes": {
            "gateway_id": "",
            "id": "rtbassoc-06cbfeacb13f7abdd",
            "route_table_id": "rtb-0d241d6257a02c812",
            "subnet_id": "subnet-0faf07f635ed42b11",
            "timeouts": null
          },
          "sensitive_attributes": [],
          "private": "eyJlMmJmYjczMC1lY2FhLTExZTYtOGY4OC0zNDM2M2JjN2M0YzAiOnsiY3JlYXRlIjozMDAwMDAwMDAwMDAsImRlbGV0ZSI6MzAwMDAwMDAwMDAwLCJ1cGRhdGUiOjEyMDAwMDAwMDAwMH19",
          "dependencies": [
            "module.vpc.aws_route_table.private_rt",
            "module.vpc.aws_subnet.private_subnets",
            "module.vpc.aws_vpc.eks_vpc"
          ]
        },
        {
          "index_key": 1,
          "schema_version": 0,
          "attributes": {
            "gateway_id": "",
            "id": "rtbassoc-067946dc420e65a6b",
            "route_table_id": "rtb-0d241d6257a02c812",
            "subnet_id": "subnet-0e051cc97e9c2a3e3",
            "timeouts": null
          },
          "sensitive_attributes": [],
          "private": "eyJlMmJmYjczMC1lY2FhLTExZTYtOGY4OC0zNDM2M2JjN2M0YzAiOnsiY3JlYXRlIjozMDAwMDAwMDAwMDAsImRlbGV0ZSI6MzAwMDAwMDAwMDAwLCJ1cGRhdGUiOjEyMDAwMDAwMDAwMH19",
          "dependencies": [
            "module.vpc.aws_route_table.private_rt",
            "module.vpc.aws_subnet.private_subnets",
            "module.vpc.aws_vpc.eks_vpc"
          ]
        }
      ]
    },
    {
      "module": "module.vpc",
      "mode": "managed",
      "type": "aws_route_table_association",
      "name": "public",
      "provider": "provider[\"registry.terraform.io/hashicorp/aws\"]",
      "instances": [
        {
          "index_key": 0,
          "schema_version": 0,
          "attributes": {
            "gateway_id": "",
            "id": "rtbassoc-0924b1236217f5fbe",
            "route_table_id": "rtb-0f86ab220513fbd8f",
            "subnet_id": "subnet-0042d9d90eac31e4b",
            "timeouts": null
          },
          "sensitive_attributes": [],
          "private": "eyJlMmJmYjczMC1lY2FhLTExZTYtOGY4OC0zNDM2M2JjN2M0YzAiOnsiY3JlYXRlIjozMDAwMDAwMDAwMDAsImRlbGV0ZSI6MzAwMDAwMDAwMDAwLCJ1cGRhdGUiOjEyMDAwMDAwMDAwMH19",
          "dependencies": [
            "module.vpc.aws_internet_gateway.igw",
            "module.vpc.aws_route_table.public_rt",
            "module.vpc.aws_subnet.public_subnets",
            "module.vpc.aws_vpc.eks_vpc"
          ]
        },
        {
          "index_key": 1,
          "schema_version": 0,
          "attributes": {
            "gateway_id": "",
            "id": "rtbassoc-0b9c42ebb34764b4c",
            "route_table_id": "rtb-0f86ab220513fbd8f",
            "subnet_id": "subnet-0222d40a538c1507d",
            "timeouts": null
          },
          "sensitive_attributes": [],
          "private": "eyJlMmJmYjczMC1lY2FhLTExZTYtOGY4OC0zNDM2M2JjN2M0YzAiOnsiY3JlYXRlIjozMDAwMDAwMDAwMDAsImRlbGV0ZSI6MzAwMDAwMDAwMDAwLCJ1cGRhdGUiOjEyMDAwMDAwMDAwMH19",
          "dependencies": [
            "module.vpc.aws_internet_gateway.igw",
            "module.vpc.aws_route_table.public_rt",
            "module.vpc.aws_subnet.public_subnets",
            "module.vpc.aws_vpc.eks_vpc"
          ]
        }
      ]
    },
    {
      "module": "module.vpc",
      "mode": "managed",
      "type": "aws_subnet",
      "name": "private_subnets",
      "provider": "provider[\"registry.terraform.io/hashicorp/aws\"]",
      "instances": [
        {
          "index_key": 0,
          "schema_version": 1,
          "attributes": {
            "arn": "arn:aws:ec2:eu-west-1:302263058495:subnet/subnet-0faf07f635ed42b11",
            "assign_ipv6_address_on_creation": false,
            "availability_zone": "eu-west-1a",
            "availability_zone_id": "euw1-az2",
            "cidr_block": "10.0.3.0/24",
            "customer_owned_ipv4_pool": "",
            "enable_dns64": false,
            "enable_lni_at_device_index": 0,
            "enable_resource_name_dns_a_record_on_launch": false,
            "enable_resource_name_dns_aaaa_record_on_launch": false,
            "id": "subnet-0faf07f635ed42b11",
            "ipv6_cidr_block": "",
            "ipv6_cidr_block_association_id": "",
            "ipv6_native": false,
            "map_customer_owned_ip_on_launch": false,
            "map_public_ip_on_launch": false,
            "outpost_arn": "",
            "owner_id": "302263058495",
            "private_dns_hostname_type_on_launch": "ip-name",
            "tags": {
              "Name": "private-subnet-0"
            },
            "tags_all": {
              "Name": "private-subnet-0"
            },
            "timeouts": null,
            "vpc_id": "vpc-0462c516b672696be"
          },
          "sensitive_attributes": [],
          "private": "eyJlMmJmYjczMC1lY2FhLTExZTYtOGY4OC0zNDM2M2JjN2M0YzAiOnsiY3JlYXRlIjo2MDAwMDAwMDAwMDAsImRlbGV0ZSI6MTIwMDAwMDAwMDAwMH0sInNjaGVtYV92ZXJzaW9uIjoiMSJ9",
          "dependencies": [
            "module.vpc.aws_vpc.eks_vpc"
          ],
          "create_before_destroy": true
        },
        {
          "index_key": 1,
          "schema_version": 1,
          "attributes": {
            "arn": "arn:aws:ec2:eu-west-1:302263058495:subnet/subnet-0e051cc97e9c2a3e3",
            "assign_ipv6_address_on_creation": false,
            "availability_zone": "eu-west-1b",
            "availability_zone_id": "euw1-az3",
            "cidr_block": "10.0.4.0/24",
            "customer_owned_ipv4_pool": "",
            "enable_dns64": false,
            "enable_lni_at_device_index": 0,
            "enable_resource_name_dns_a_record_on_launch": false,
            "enable_resource_name_dns_aaaa_record_on_launch": false,
            "id": "subnet-0e051cc97e9c2a3e3",
            "ipv6_cidr_block": "",
            "ipv6_cidr_block_association_id": "",
            "ipv6_native": false,
            "map_customer_owned_ip_on_launch": false,
            "map_public_ip_on_launch": false,
            "outpost_arn": "",
            "owner_id": "302263058495",
            "private_dns_hostname_type_on_launch": "ip-name",
            "tags": {
              "Name": "private-subnet-1"
            },
            "tags_all": {
              "Name": "private-subnet-1"
            },
            "timeouts": null,
            "vpc_id": "vpc-0462c516b672696be"
          },
          "sensitive_attributes": [],
          "private": "eyJlMmJmYjczMC1lY2FhLTExZTYtOGY4OC0zNDM2M2JjN2M0YzAiOnsiY3JlYXRlIjo2MDAwMDAwMDAwMDAsImRlbGV0ZSI6MTIwMDAwMDAwMDAwMH0sInNjaGVtYV92ZXJzaW9uIjoiMSJ9",
          "dependencies": [
            "module.vpc.aws_vpc.eks_vpc"
          ],
          "create_before_destroy": true
        }
      ]
    },
    {
      "module": "module.vpc",
      "mode": "managed",
      "type": "aws_subnet",
      "name": "public_subnets",
      "provider": "provider[\"registry.terraform.io/hashicorp/aws\"]",
      "instances": [
        {
          "index_key": 0,
          "schema_version": 1,
          "attributes": {
            "arn": "arn:aws:ec2:eu-west-1:302263058495:subnet/subnet-0042d9d90eac31e4b",
            "assign_ipv6_address_on_creation": false,
            "availability_zone": "eu-west-1a",
            "availability_zone_id": "euw1-az2",
            "cidr_block": "10.0.1.0/24",
            "customer_owned_ipv4_pool": "",
            "enable_dns64": false,
            "enable_lni_at_device_index": 0,
            "enable_resource_name_dns_a_record_on_launch": false,
            "enable_resource_name_dns_aaaa_record_on_launch": false,
            "id": "subnet-0042d9d90eac31e4b",
            "ipv6_cidr_block": "",
            "ipv6_cidr_block_association_id": "",
            "ipv6_native": false,
            "map_customer_owned_ip_on_launch": false,
            "map_public_ip_on_launch": true,
            "outpost_arn": "",
            "owner_id": "302263058495",
            "private_dns_hostname_type_on_launch": "ip-name",
            "tags": {
              "Name": "public-subnet-0"
            },
            "tags_all": {
              "Name": "public-subnet-0"
            },
            "timeouts": null,
            "vpc_id": "vpc-0462c516b672696be"
          },
          "sensitive_attributes": [],
          "private": "eyJlMmJmYjczMC1lY2FhLTExZTYtOGY4OC0zNDM2M2JjN2M0YzAiOnsiY3JlYXRlIjo2MDAwMDAwMDAwMDAsImRlbGV0ZSI6MTIwMDAwMDAwMDAwMH0sInNjaGVtYV92ZXJzaW9uIjoiMSJ9",
          "dependencies": [
            "module.vpc.aws_vpc.eks_vpc"
          ]
        },
        {
          "index_key": 1,
          "schema_version": 1,
          "attributes": {
            "arn": "arn:aws:ec2:eu-west-1:302263058495:subnet/subnet-0222d40a538c1507d",
            "assign_ipv6_address_on_creation": false,
            "availability_zone": "eu-west-1b",
            "availability_zone_id": "euw1-az3",
            "cidr_block": "10.0.2.0/24",
            "customer_owned_ipv4_pool": "",
            "enable_dns64": false,
            "enable_lni_at_device_index": 0,
            "enable_resource_name_dns_a_record_on_launch": false,
            "enable_resource_name_dns_aaaa_record_on_launch": false,
            "id": "subnet-0222d40a538c1507d",
            "ipv6_cidr_block": "",
            "ipv6_cidr_block_association_id": "",
            "ipv6_native": false,
            "map_customer_owned_ip_on_launch": false,
            "map_public_ip_on_launch": true,
            "outpost_arn": "",
            "owner_id": "302263058495",
            "private_dns_hostname_type_on_launch": "ip-name",
            "tags": {
              "Name": "public-subnet-1"
            },
            "tags_all": {
              "Name": "public-subnet-1"
            },
            "timeouts": null,
            "vpc_id": "vpc-0462c516b672696be"
          },
          "sensitive_attributes": [],
          "private": "eyJlMmJmYjczMC1lY2FhLTExZTYtOGY4OC0zNDM2M2JjN2M0YzAiOnsiY3JlYXRlIjo2MDAwMDAwMDAwMDAsImRlbGV0ZSI6MTIwMDAwMDAwMDAwMH0sInNjaGVtYV92ZXJzaW9uIjoiMSJ9",
          "dependencies": [
            "module.vpc.aws_vpc.eks_vpc"
          ]
        }
      ]
    },
    {
      "module": "module.vpc",
      "mode": "managed",
      "type": "aws_vpc",
      "name": "eks_vpc",
      "provider": "provider[\"registry.terraform.io/hashicorp/aws\"]",
      "instances": [
        {
          "schema_version": 1,
          "attributes": {
            "arn": "arn:aws:ec2:eu-west-1:302263058495:vpc/vpc-0462c516b672696be",
            "assign_generated_ipv6_cidr_block": false,
            "cidr_block": "10.0.0.0/16",
            "default_network_acl_id": "acl-01b232058a4bb8001",
            "default_route_table_id": "rtb-0ba371619df933cad",
            "default_security_group_id": "sg-0f6ad001638ce06df",
            "dhcp_options_id": "dopt-008bad6389b9fe503",
            "enable_dns_hostnames": true,
            "enable_dns_support": true,
            "enable_network_address_usage_metrics": false,
            "id": "vpc-0462c516b672696be",
            "instance_tenancy": "default",
            "ipv4_ipam_pool_id": null,
            "ipv4_netmask_length": null,
            "ipv6_association_id": "",
            "ipv6_cidr_block": "",
            "ipv6_cidr_block_network_border_group": "",
            "ipv6_ipam_pool_id": "",
            "ipv6_netmask_length": 0,
            "main_route_table_id": "rtb-0ba371619df933cad",
            "owner_id": "302263058495",
            "tags": {
              "Name": "my-eks-vpc",
              "Terraform": "true"
            },
            "tags_all": {
              "Name": "my-eks-vpc",
              "Terraform": "true"
            }
          },
          "sensitive_attributes": [],
          "private": "eyJzY2hlbWFfdmVyc2lvbiI6IjEifQ==",
          "create_before_destroy": true
        }
      ]
    }
  ],
  "check_results": [
    {
      "object_kind": "resource",
      "config_addr": "module.eks.module.eks.module.eks_managed_node_group.module.user_data.null_resource.validate_cluster_service_cidr",
      "status": "pass",
      "objects": [
        {
          "object_addr": "module.eks.module.eks.module.eks_managed_node_group[\"eks_nodes\"].module.user_data.null_resource.validate_cluster_service_cidr",
          "status": "pass"
        }
      ]
    },
    {
      "object_kind": "var",
      "config_addr": "module.eks.module.eks.module.self_managed_node_group.var.platform",
      "status": "pass",
      "objects": null
    },
    {
      "object_kind": "resource",
      "config_addr": "module.eks.module.eks.module.self_managed_node_group.module.user_data.null_resource.validate_cluster_service_cidr",
      "status": "pass",
      "objects": null
    }
  ]
}
